<?xml version="1.0" encoding="utf-8"?>
<Project ToolsVersion="17.0" xmlns="http://schemas.microsoft.com/developer/msbuild/2003">
  <ItemGroup>
    <CustomBuild Include="C:\OCRAnalysis\CMakeFiles\09d290ff13a71536dd10d5ea3a51acaf\INSTALL_force.rule">
      <Filter>CMake Rules</Filter>
    </CustomBuild>
  </ItemGroup>
  <ItemGroup>
    <Filter Include="CMake Rules">
      <UniqueIdentifier>{2310635C-0D49-300E-941B-E1C340E8F04A}</UniqueIdentifier>
    </Filter>
  </ItemGroup>
</Project>
