
Microsoft Visual Studio Solution File, Format Version 12.00
# Visual Studio Version 17
Project("{8BC9CEB8-8B4A-11D0-8D11-00A0C91BC942}") = "ALL_BUILD", "ALL_BUILD.vcxproj", "{08D40020-82C2-3738-B1DE-01229427D872}"
	ProjectSection(ProjectDependencies) = postProject
		{32435ACD-5A95-3ECA-82AE-1620735DF91D} = {32435ACD-5A95-3ECA-82AE-1620735DF91D}
		{C674D82B-8F1C-3EFA-A4DB-D1BCCE8237CB} = {C674D82B-8F1C-3EFA-A4DB-D1BCCE8237CB}
		{756618EE-CE0C-3569-ABDB-B5B8E378C5CC} = {756618EE-CE0C-3569-ABDB-B5B8E378C5CC}
		{16C471D4-54F4-34B1-A482-36B45576EF70} = {16C471D4-54F4-34B1-A482-36B45576EF70}
		{CA52DB0A-EBD1-3728-8137-AD11D6A87924} = {CA52DB0A-EBD1-3728-8137-AD11D6A87924}
		{FB68C2CC-9C5A-3EB8-938F-CF4DD8FBD998} = {FB68C2CC-9C5A-3EB8-938F-CF4DD8FBD998}
		{8D3F3E05-103F-38EE-A022-31D7F4875C41} = {8D3F3E05-103F-38EE-A022-31D7F4875C41}
		{48E8180F-38D9-35A3-908A-0F3C107ED6D7} = {48E8180F-38D9-35A3-908A-0F3C107ED6D7}
		{3DC61916-DBB7-359C-9283-B0BB8110E3B2} = {3DC61916-DBB7-359C-9283-B0BB8110E3B2}
		{0C677BC3-6CEC-37D4-8423-262DAB449F9E} = {0C677BC3-6CEC-37D4-8423-262DAB449F9E}
		{6C5CD663-0A55-37F4-975A-A1F982C74F45} = {6C5CD663-0A55-37F4-975A-A1F982C74F45}
		{E7965142-923B-3613-9338-41E1EB06FABB} = {E7965142-923B-3613-9338-41E1EB06FABB}
		{4551B29F-7660-3256-AD04-ED8E282EB1CE} = {4551B29F-7660-3256-AD04-ED8E282EB1CE}
		{00509528-17BE-3933-BCF6-5621A2A2FE8C} = {00509528-17BE-3933-BCF6-5621A2A2FE8C}
		{9D7D25CA-B6B6-3C83-AAB6-59E674DF1F4D} = {9D7D25CA-B6B6-3C83-AAB6-59E674DF1F4D}
		{FF258A9A-1C61-3BEB-8FA3-D8FB050E8F4F} = {FF258A9A-1C61-3BEB-8FA3-D8FB050E8F4F}
		{6B4CAAE0-1FBB-301A-A3B6-65C98CA3BC90} = {6B4CAAE0-1FBB-301A-A3B6-65C98CA3BC90}
		{6BD523AC-AEBA-3F73-B9F7-766532B77077} = {6BD523AC-AEBA-3F73-B9F7-766532B77077}
		{035E526A-BD0B-31BF-A59A-230E1FFE6EC3} = {035E526A-BD0B-31BF-A59A-230E1FFE6EC3}
		{6C7FEF13-03E1-3BAD-9F7B-3CAC28A2F94F} = {6C7FEF13-03E1-3BAD-9F7B-3CAC28A2F94F}
		{61D668CE-34FB-3CD9-B298-95529D69BEE0} = {61D668CE-34FB-3CD9-B298-95529D69BEE0}
	EndProjectSection
EndProject
Project("{8BC9CEB8-8B4A-11D0-8D11-00A0C91BC942}") = "INSTALL", "INSTALL.vcxproj", "{CD2B01C0-9C63-3FCD-9A48-D6D654005DFA}"
	ProjectSection(ProjectDependencies) = postProject
		{08D40020-82C2-3738-B1DE-01229427D872} = {08D40020-82C2-3738-B1DE-01229427D872}
		{32435ACD-5A95-3ECA-82AE-1620735DF91D} = {32435ACD-5A95-3ECA-82AE-1620735DF91D}
	EndProjectSection
EndProject
Project("{8BC9CEB8-8B4A-11D0-8D11-00A0C91BC942}") = "ZERO_CHECK", "ZERO_CHECK.vcxproj", "{32435ACD-5A95-3ECA-82AE-1620735DF91D}"
	ProjectSection(ProjectDependencies) = postProject
	EndProjectSection
EndProject
Project("{8BC9CEB8-8B4A-11D0-8D11-00A0C91BC942}") = "ocr_analysis", "ocr_analysis.vcxproj", "{C674D82B-8F1C-3EFA-A4DB-D1BCCE8237CB}"
	ProjectSection(ProjectDependencies) = postProject
		{32435ACD-5A95-3ECA-82AE-1620735DF91D} = {32435ACD-5A95-3ECA-82AE-1620735DF91D}
	EndProjectSection
EndProject
Project("{8BC9CEB8-8B4A-11D0-8D11-00A0C91BC942}") = "ocr_demo", "ocr_demo.vcxproj", "{756618EE-CE0C-3569-ABDB-B5B8E378C5CC}"
	ProjectSection(ProjectDependencies) = postProject
		{32435ACD-5A95-3ECA-82AE-1620735DF91D} = {32435ACD-5A95-3ECA-82AE-1620735DF91D}
		{C674D82B-8F1C-3EFA-A4DB-D1BCCE8237CB} = {C674D82B-8F1C-3EFA-A4DB-D1BCCE8237CB}
	EndProjectSection
EndProject
Project("{8BC9CEB8-8B4A-11D0-8D11-00A0C91BC942}") = "test_bounds_modes", "test_bounds_modes.vcxproj", "{16C471D4-54F4-34B1-A482-36B45576EF70}"
	ProjectSection(ProjectDependencies) = postProject
		{32435ACD-5A95-3ECA-82AE-1620735DF91D} = {32435ACD-5A95-3ECA-82AE-1620735DF91D}
		{C674D82B-8F1C-3EFA-A4DB-D1BCCE8237CB} = {C674D82B-8F1C-3EFA-A4DB-D1BCCE8237CB}
	EndProjectSection
EndProject
Project("{8BC9CEB8-8B4A-11D0-8D11-00A0C91BC942}") = "test_check_image", "test_check_image.vcxproj", "{CA52DB0A-EBD1-3728-8137-AD11D6A87924}"
	ProjectSection(ProjectDependencies) = postProject
		{32435ACD-5A95-3ECA-82AE-1620735DF91D} = {32435ACD-5A95-3ECA-82AE-1620735DF91D}
		{C674D82B-8F1C-3EFA-A4DB-D1BCCE8237CB} = {C674D82B-8F1C-3EFA-A4DB-D1BCCE8237CB}
	EndProjectSection
EndProject
Project("{8BC9CEB8-8B4A-11D0-8D11-00A0C91BC942}") = "test_cleanup_image", "test_cleanup_image.vcxproj", "{FB68C2CC-9C5A-3EB8-938F-CF4DD8FBD998}"
	ProjectSection(ProjectDependencies) = postProject
		{32435ACD-5A95-3ECA-82AE-1620735DF91D} = {32435ACD-5A95-3ECA-82AE-1620735DF91D}
		{C674D82B-8F1C-3EFA-A4DB-D1BCCE8237CB} = {C674D82B-8F1C-3EFA-A4DB-D1BCCE8237CB}
	EndProjectSection
EndProject
Project("{8BC9CEB8-8B4A-11D0-8D11-00A0C91BC942}") = "test_crop_label", "test_crop_label.vcxproj", "{8D3F3E05-103F-38EE-A022-31D7F4875C41}"
	ProjectSection(ProjectDependencies) = postProject
		{32435ACD-5A95-3ECA-82AE-1620735DF91D} = {32435ACD-5A95-3ECA-82AE-1620735DF91D}
		{C674D82B-8F1C-3EFA-A4DB-D1BCCE8237CB} = {C674D82B-8F1C-3EFA-A4DB-D1BCCE8237CB}
	EndProjectSection
EndProject
Project("{8BC9CEB8-8B4A-11D0-8D11-00A0C91BC942}") = "test_find_images", "test_find_images.vcxproj", "{48E8180F-38D9-35A3-908A-0F3C107ED6D7}"
	ProjectSection(ProjectDependencies) = postProject
		{32435ACD-5A95-3ECA-82AE-1620735DF91D} = {32435ACD-5A95-3ECA-82AE-1620735DF91D}
		{C674D82B-8F1C-3EFA-A4DB-D1BCCE8237CB} = {C674D82B-8F1C-3EFA-A4DB-D1BCCE8237CB}
	EndProjectSection
EndProject
Project("{8BC9CEB8-8B4A-11D0-8D11-00A0C91BC942}") = "test_identify_regions", "test_identify_regions.vcxproj", "{3DC61916-DBB7-359C-9283-B0BB8110E3B2}"
	ProjectSection(ProjectDependencies) = postProject
		{32435ACD-5A95-3ECA-82AE-1620735DF91D} = {32435ACD-5A95-3ECA-82AE-1620735DF91D}
		{C674D82B-8F1C-3EFA-A4DB-D1BCCE8237CB} = {C674D82B-8F1C-3EFA-A4DB-D1BCCE8237CB}
	EndProjectSection
EndProject
Project("{8BC9CEB8-8B4A-11D0-8D11-00A0C91BC942}") = "test_ocr", "test_ocr.vcxproj", "{0C677BC3-6CEC-37D4-8423-262DAB449F9E}"
	ProjectSection(ProjectDependencies) = postProject
		{32435ACD-5A95-3ECA-82AE-1620735DF91D} = {32435ACD-5A95-3ECA-82AE-1620735DF91D}
		{C674D82B-8F1C-3EFA-A4DB-D1BCCE8237CB} = {C674D82B-8F1C-3EFA-A4DB-D1BCCE8237CB}
	EndProjectSection
EndProject
Project("{8BC9CEB8-8B4A-11D0-8D11-00A0C91BC942}") = "test_orientation", "test_orientation.vcxproj", "{6C5CD663-0A55-37F4-975A-A1F982C74F45}"
	ProjectSection(ProjectDependencies) = postProject
		{32435ACD-5A95-3ECA-82AE-1620735DF91D} = {32435ACD-5A95-3ECA-82AE-1620735DF91D}
		{C674D82B-8F1C-3EFA-A4DB-D1BCCE8237CB} = {C674D82B-8F1C-3EFA-A4DB-D1BCCE8237CB}
	EndProjectSection
EndProject
Project("{8BC9CEB8-8B4A-11D0-8D11-00A0C91BC942}") = "test_pdf", "test_pdf.vcxproj", "{E7965142-923B-3613-9338-41E1EB06FABB}"
	ProjectSection(ProjectDependencies) = postProject
		{32435ACD-5A95-3ECA-82AE-1620735DF91D} = {32435ACD-5A95-3ECA-82AE-1620735DF91D}
		{C674D82B-8F1C-3EFA-A4DB-D1BCCE8237CB} = {C674D82B-8F1C-3EFA-A4DB-D1BCCE8237CB}
	EndProjectSection
EndProject
Project("{8BC9CEB8-8B4A-11D0-8D11-00A0C91BC942}") = "test_pdf_elements", "test_pdf_elements.vcxproj", "{4551B29F-7660-3256-AD04-ED8E282EB1CE}"
	ProjectSection(ProjectDependencies) = postProject
		{32435ACD-5A95-3ECA-82AE-1620735DF91D} = {32435ACD-5A95-3ECA-82AE-1620735DF91D}
		{C674D82B-8F1C-3EFA-A4DB-D1BCCE8237CB} = {C674D82B-8F1C-3EFA-A4DB-D1BCCE8237CB}
	EndProjectSection
EndProject
Project("{8BC9CEB8-8B4A-11D0-8D11-00A0C91BC942}") = "test_pdf_embedded", "test_pdf_embedded.vcxproj", "{00509528-17BE-3933-BCF6-5621A2A2FE8C}"
	ProjectSection(ProjectDependencies) = postProject
		{32435ACD-5A95-3ECA-82AE-1620735DF91D} = {32435ACD-5A95-3ECA-82AE-1620735DF91D}
		{C674D82B-8F1C-3EFA-A4DB-D1BCCE8237CB} = {C674D82B-8F1C-3EFA-A4DB-D1BCCE8237CB}
	EndProjectSection
EndProject
Project("{8BC9CEB8-8B4A-11D0-8D11-00A0C91BC942}") = "test_pdf_graphics", "test_pdf_graphics.vcxproj", "{9D7D25CA-B6B6-3C83-AAB6-59E674DF1F4D}"
	ProjectSection(ProjectDependencies) = postProject
		{32435ACD-5A95-3ECA-82AE-1620735DF91D} = {32435ACD-5A95-3ECA-82AE-1620735DF91D}
		{C674D82B-8F1C-3EFA-A4DB-D1BCCE8237CB} = {C674D82B-8F1C-3EFA-A4DB-D1BCCE8237CB}
	EndProjectSection
EndProject
Project("{8BC9CEB8-8B4A-11D0-8D11-00A0C91BC942}") = "test_pdf_lines", "test_pdf_lines.vcxproj", "{FF258A9A-1C61-3BEB-8FA3-D8FB050E8F4F}"
	ProjectSection(ProjectDependencies) = postProject
		{32435ACD-5A95-3ECA-82AE-1620735DF91D} = {32435ACD-5A95-3ECA-82AE-1620735DF91D}
		{C674D82B-8F1C-3EFA-A4DB-D1BCCE8237CB} = {C674D82B-8F1C-3EFA-A4DB-D1BCCE8237CB}
	EndProjectSection
EndProject
Project("{8BC9CEB8-8B4A-11D0-8D11-00A0C91BC942}") = "test_pdf_rectangles", "test_pdf_rectangles.vcxproj", "{6B4CAAE0-1FBB-301A-A3B6-65C98CA3BC90}"
	ProjectSection(ProjectDependencies) = postProject
		{32435ACD-5A95-3ECA-82AE-1620735DF91D} = {32435ACD-5A95-3ECA-82AE-1620735DF91D}
		{C674D82B-8F1C-3EFA-A4DB-D1BCCE8237CB} = {C674D82B-8F1C-3EFA-A4DB-D1BCCE8237CB}
	EndProjectSection
EndProject
Project("{8BC9CEB8-8B4A-11D0-8D11-00A0C91BC942}") = "test_png_render", "test_png_render.vcxproj", "{6BD523AC-AEBA-3F73-B9F7-766532B77077}"
	ProjectSection(ProjectDependencies) = postProject
		{32435ACD-5A95-3ECA-82AE-1620735DF91D} = {32435ACD-5A95-3ECA-82AE-1620735DF91D}
		{C674D82B-8F1C-3EFA-A4DB-D1BCCE8237CB} = {C674D82B-8F1C-3EFA-A4DB-D1BCCE8237CB}
	EndProjectSection
EndProject
Project("{8BC9CEB8-8B4A-11D0-8D11-00A0C91BC942}") = "test_render_info", "test_render_info.vcxproj", "{035E526A-BD0B-31BF-A59A-230E1FFE6EC3}"
	ProjectSection(ProjectDependencies) = postProject
		{32435ACD-5A95-3ECA-82AE-1620735DF91D} = {32435ACD-5A95-3ECA-82AE-1620735DF91D}
		{C674D82B-8F1C-3EFA-A4DB-D1BCCE8237CB} = {C674D82B-8F1C-3EFA-A4DB-D1BCCE8237CB}
	EndProjectSection
EndProject
Project("{8BC9CEB8-8B4A-11D0-8D11-00A0C91BC942}") = "test_sort_elements", "test_sort_elements.vcxproj", "{6C7FEF13-03E1-3BAD-9F7B-3CAC28A2F94F}"
	ProjectSection(ProjectDependencies) = postProject
		{32435ACD-5A95-3ECA-82AE-1620735DF91D} = {32435ACD-5A95-3ECA-82AE-1620735DF91D}
		{C674D82B-8F1C-3EFA-A4DB-D1BCCE8237CB} = {C674D82B-8F1C-3EFA-A4DB-D1BCCE8237CB}
	EndProjectSection
EndProject
Project("{8BC9CEB8-8B4A-11D0-8D11-00A0C91BC942}") = "test_strip_bleed_marks", "test_strip_bleed_marks.vcxproj", "{61D668CE-34FB-3CD9-B298-95529D69BEE0}"
	ProjectSection(ProjectDependencies) = postProject
		{32435ACD-5A95-3ECA-82AE-1620735DF91D} = {32435ACD-5A95-3ECA-82AE-1620735DF91D}
		{C674D82B-8F1C-3EFA-A4DB-D1BCCE8237CB} = {C674D82B-8F1C-3EFA-A4DB-D1BCCE8237CB}
	EndProjectSection
EndProject
Global
	GlobalSection(SolutionConfigurationPlatforms) = preSolution
		Debug|x64 = Debug|x64
		Release|x64 = Release|x64
		MinSizeRel|x64 = MinSizeRel|x64
		RelWithDebInfo|x64 = RelWithDebInfo|x64
	EndGlobalSection
	GlobalSection(ProjectConfigurationPlatforms) = postSolution
		{08D40020-82C2-3738-B1DE-01229427D872}.Debug|x64.ActiveCfg = Debug|x64
		{08D40020-82C2-3738-B1DE-01229427D872}.Debug|x64.Build.0 = Debug|x64
		{08D40020-82C2-3738-B1DE-01229427D872}.Release|x64.ActiveCfg = Release|x64
		{08D40020-82C2-3738-B1DE-01229427D872}.Release|x64.Build.0 = Release|x64
		{08D40020-82C2-3738-B1DE-01229427D872}.MinSizeRel|x64.ActiveCfg = MinSizeRel|x64
		{08D40020-82C2-3738-B1DE-01229427D872}.MinSizeRel|x64.Build.0 = MinSizeRel|x64
		{08D40020-82C2-3738-B1DE-01229427D872}.RelWithDebInfo|x64.ActiveCfg = RelWithDebInfo|x64
		{08D40020-82C2-3738-B1DE-01229427D872}.RelWithDebInfo|x64.Build.0 = RelWithDebInfo|x64
		{CD2B01C0-9C63-3FCD-9A48-D6D654005DFA}.Debug|x64.ActiveCfg = Debug|x64
		{CD2B01C0-9C63-3FCD-9A48-D6D654005DFA}.Release|x64.ActiveCfg = Release|x64
		{CD2B01C0-9C63-3FCD-9A48-D6D654005DFA}.MinSizeRel|x64.ActiveCfg = MinSizeRel|x64
		{CD2B01C0-9C63-3FCD-9A48-D6D654005DFA}.RelWithDebInfo|x64.ActiveCfg = RelWithDebInfo|x64
		{32435ACD-5A95-3ECA-82AE-1620735DF91D}.Debug|x64.ActiveCfg = Debug|x64
		{32435ACD-5A95-3ECA-82AE-1620735DF91D}.Debug|x64.Build.0 = Debug|x64
		{32435ACD-5A95-3ECA-82AE-1620735DF91D}.Release|x64.ActiveCfg = Release|x64
		{32435ACD-5A95-3ECA-82AE-1620735DF91D}.Release|x64.Build.0 = Release|x64
		{32435ACD-5A95-3ECA-82AE-1620735DF91D}.MinSizeRel|x64.ActiveCfg = MinSizeRel|x64
		{32435ACD-5A95-3ECA-82AE-1620735DF91D}.MinSizeRel|x64.Build.0 = MinSizeRel|x64
		{32435ACD-5A95-3ECA-82AE-1620735DF91D}.RelWithDebInfo|x64.ActiveCfg = RelWithDebInfo|x64
		{32435ACD-5A95-3ECA-82AE-1620735DF91D}.RelWithDebInfo|x64.Build.0 = RelWithDebInfo|x64
		{C674D82B-8F1C-3EFA-A4DB-D1BCCE8237CB}.Debug|x64.ActiveCfg = Debug|x64
		{C674D82B-8F1C-3EFA-A4DB-D1BCCE8237CB}.Debug|x64.Build.0 = Debug|x64
		{C674D82B-8F1C-3EFA-A4DB-D1BCCE8237CB}.Release|x64.ActiveCfg = Release|x64
		{C674D82B-8F1C-3EFA-A4DB-D1BCCE8237CB}.Release|x64.Build.0 = Release|x64
		{C674D82B-8F1C-3EFA-A4DB-D1BCCE8237CB}.MinSizeRel|x64.ActiveCfg = MinSizeRel|x64
		{C674D82B-8F1C-3EFA-A4DB-D1BCCE8237CB}.MinSizeRel|x64.Build.0 = MinSizeRel|x64
		{C674D82B-8F1C-3EFA-A4DB-D1BCCE8237CB}.RelWithDebInfo|x64.ActiveCfg = RelWithDebInfo|x64
		{C674D82B-8F1C-3EFA-A4DB-D1BCCE8237CB}.RelWithDebInfo|x64.Build.0 = RelWithDebInfo|x64
		{756618EE-CE0C-3569-ABDB-B5B8E378C5CC}.Debug|x64.ActiveCfg = Debug|x64
		{756618EE-CE0C-3569-ABDB-B5B8E378C5CC}.Debug|x64.Build.0 = Debug|x64
		{756618EE-CE0C-3569-ABDB-B5B8E378C5CC}.Release|x64.ActiveCfg = Release|x64
		{756618EE-CE0C-3569-ABDB-B5B8E378C5CC}.Release|x64.Build.0 = Release|x64
		{756618EE-CE0C-3569-ABDB-B5B8E378C5CC}.MinSizeRel|x64.ActiveCfg = MinSizeRel|x64
		{756618EE-CE0C-3569-ABDB-B5B8E378C5CC}.MinSizeRel|x64.Build.0 = MinSizeRel|x64
		{756618EE-CE0C-3569-ABDB-B5B8E378C5CC}.RelWithDebInfo|x64.ActiveCfg = RelWithDebInfo|x64
		{756618EE-CE0C-3569-ABDB-B5B8E378C5CC}.RelWithDebInfo|x64.Build.0 = RelWithDebInfo|x64
		{16C471D4-54F4-34B1-A482-36B45576EF70}.Debug|x64.ActiveCfg = Debug|x64
		{16C471D4-54F4-34B1-A482-36B45576EF70}.Debug|x64.Build.0 = Debug|x64
		{16C471D4-54F4-34B1-A482-36B45576EF70}.Release|x64.ActiveCfg = Release|x64
		{16C471D4-54F4-34B1-A482-36B45576EF70}.Release|x64.Build.0 = Release|x64
		{16C471D4-54F4-34B1-A482-36B45576EF70}.MinSizeRel|x64.ActiveCfg = MinSizeRel|x64
		{16C471D4-54F4-34B1-A482-36B45576EF70}.MinSizeRel|x64.Build.0 = MinSizeRel|x64
		{16C471D4-54F4-34B1-A482-36B45576EF70}.RelWithDebInfo|x64.ActiveCfg = RelWithDebInfo|x64
		{16C471D4-54F4-34B1-A482-36B45576EF70}.RelWithDebInfo|x64.Build.0 = RelWithDebInfo|x64
		{CA52DB0A-EBD1-3728-8137-AD11D6A87924}.Debug|x64.ActiveCfg = Debug|x64
		{CA52DB0A-EBD1-3728-8137-AD11D6A87924}.Debug|x64.Build.0 = Debug|x64
		{CA52DB0A-EBD1-3728-8137-AD11D6A87924}.Release|x64.ActiveCfg = Release|x64
		{CA52DB0A-EBD1-3728-8137-AD11D6A87924}.Release|x64.Build.0 = Release|x64
		{CA52DB0A-EBD1-3728-8137-AD11D6A87924}.MinSizeRel|x64.ActiveCfg = MinSizeRel|x64
		{CA52DB0A-EBD1-3728-8137-AD11D6A87924}.MinSizeRel|x64.Build.0 = MinSizeRel|x64
		{CA52DB0A-EBD1-3728-8137-AD11D6A87924}.RelWithDebInfo|x64.ActiveCfg = RelWithDebInfo|x64
		{CA52DB0A-EBD1-3728-8137-AD11D6A87924}.RelWithDebInfo|x64.Build.0 = RelWithDebInfo|x64
		{FB68C2CC-9C5A-3EB8-938F-CF4DD8FBD998}.Debug|x64.ActiveCfg = Debug|x64
		{FB68C2CC-9C5A-3EB8-938F-CF4DD8FBD998}.Debug|x64.Build.0 = Debug|x64
		{FB68C2CC-9C5A-3EB8-938F-CF4DD8FBD998}.Release|x64.ActiveCfg = Release|x64
		{FB68C2CC-9C5A-3EB8-938F-CF4DD8FBD998}.Release|x64.Build.0 = Release|x64
		{FB68C2CC-9C5A-3EB8-938F-CF4DD8FBD998}.MinSizeRel|x64.ActiveCfg = MinSizeRel|x64
		{FB68C2CC-9C5A-3EB8-938F-CF4DD8FBD998}.MinSizeRel|x64.Build.0 = MinSizeRel|x64
		{FB68C2CC-9C5A-3EB8-938F-CF4DD8FBD998}.RelWithDebInfo|x64.ActiveCfg = RelWithDebInfo|x64
		{FB68C2CC-9C5A-3EB8-938F-CF4DD8FBD998}.RelWithDebInfo|x64.Build.0 = RelWithDebInfo|x64
		{8D3F3E05-103F-38EE-A022-31D7F4875C41}.Debug|x64.ActiveCfg = Debug|x64
		{8D3F3E05-103F-38EE-A022-31D7F4875C41}.Debug|x64.Build.0 = Debug|x64
		{8D3F3E05-103F-38EE-A022-31D7F4875C41}.Release|x64.ActiveCfg = Release|x64
		{8D3F3E05-103F-38EE-A022-31D7F4875C41}.Release|x64.Build.0 = Release|x64
		{8D3F3E05-103F-38EE-A022-31D7F4875C41}.MinSizeRel|x64.ActiveCfg = MinSizeRel|x64
		{8D3F3E05-103F-38EE-A022-31D7F4875C41}.MinSizeRel|x64.Build.0 = MinSizeRel|x64
		{8D3F3E05-103F-38EE-A022-31D7F4875C41}.RelWithDebInfo|x64.ActiveCfg = RelWithDebInfo|x64
		{8D3F3E05-103F-38EE-A022-31D7F4875C41}.RelWithDebInfo|x64.Build.0 = RelWithDebInfo|x64
		{48E8180F-38D9-35A3-908A-0F3C107ED6D7}.Debug|x64.ActiveCfg = Debug|x64
		{48E8180F-38D9-35A3-908A-0F3C107ED6D7}.Debug|x64.Build.0 = Debug|x64
		{48E8180F-38D9-35A3-908A-0F3C107ED6D7}.Release|x64.ActiveCfg = Release|x64
		{48E8180F-38D9-35A3-908A-0F3C107ED6D7}.Release|x64.Build.0 = Release|x64
		{48E8180F-38D9-35A3-908A-0F3C107ED6D7}.MinSizeRel|x64.ActiveCfg = MinSizeRel|x64
		{48E8180F-38D9-35A3-908A-0F3C107ED6D7}.MinSizeRel|x64.Build.0 = MinSizeRel|x64
		{48E8180F-38D9-35A3-908A-0F3C107ED6D7}.RelWithDebInfo|x64.ActiveCfg = RelWithDebInfo|x64
		{48E8180F-38D9-35A3-908A-0F3C107ED6D7}.RelWithDebInfo|x64.Build.0 = RelWithDebInfo|x64
		{3DC61916-DBB7-359C-9283-B0BB8110E3B2}.Debug|x64.ActiveCfg = Debug|x64
		{3DC61916-DBB7-359C-9283-B0BB8110E3B2}.Debug|x64.Build.0 = Debug|x64
		{3DC61916-DBB7-359C-9283-B0BB8110E3B2}.Release|x64.ActiveCfg = Release|x64
		{3DC61916-DBB7-359C-9283-B0BB8110E3B2}.Release|x64.Build.0 = Release|x64
		{3DC61916-DBB7-359C-9283-B0BB8110E3B2}.MinSizeRel|x64.ActiveCfg = MinSizeRel|x64
		{3DC61916-DBB7-359C-9283-B0BB8110E3B2}.MinSizeRel|x64.Build.0 = MinSizeRel|x64
		{3DC61916-DBB7-359C-9283-B0BB8110E3B2}.RelWithDebInfo|x64.ActiveCfg = RelWithDebInfo|x64
		{3DC61916-DBB7-359C-9283-B0BB8110E3B2}.RelWithDebInfo|x64.Build.0 = RelWithDebInfo|x64
		{0C677BC3-6CEC-37D4-8423-262DAB449F9E}.Debug|x64.ActiveCfg = Debug|x64
		{0C677BC3-6CEC-37D4-8423-262DAB449F9E}.Debug|x64.Build.0 = Debug|x64
		{0C677BC3-6CEC-37D4-8423-262DAB449F9E}.Release|x64.ActiveCfg = Release|x64
		{0C677BC3-6CEC-37D4-8423-262DAB449F9E}.Release|x64.Build.0 = Release|x64
		{0C677BC3-6CEC-37D4-8423-262DAB449F9E}.MinSizeRel|x64.ActiveCfg = MinSizeRel|x64
		{0C677BC3-6CEC-37D4-8423-262DAB449F9E}.MinSizeRel|x64.Build.0 = MinSizeRel|x64
		{0C677BC3-6CEC-37D4-8423-262DAB449F9E}.RelWithDebInfo|x64.ActiveCfg = RelWithDebInfo|x64
		{0C677BC3-6CEC-37D4-8423-262DAB449F9E}.RelWithDebInfo|x64.Build.0 = RelWithDebInfo|x64
		{6C5CD663-0A55-37F4-975A-A1F982C74F45}.Debug|x64.ActiveCfg = Debug|x64
		{6C5CD663-0A55-37F4-975A-A1F982C74F45}.Debug|x64.Build.0 = Debug|x64
		{6C5CD663-0A55-37F4-975A-A1F982C74F45}.Release|x64.ActiveCfg = Release|x64
		{6C5CD663-0A55-37F4-975A-A1F982C74F45}.Release|x64.Build.0 = Release|x64
		{6C5CD663-0A55-37F4-975A-A1F982C74F45}.MinSizeRel|x64.ActiveCfg = MinSizeRel|x64
		{6C5CD663-0A55-37F4-975A-A1F982C74F45}.MinSizeRel|x64.Build.0 = MinSizeRel|x64
		{6C5CD663-0A55-37F4-975A-A1F982C74F45}.RelWithDebInfo|x64.ActiveCfg = RelWithDebInfo|x64
		{6C5CD663-0A55-37F4-975A-A1F982C74F45}.RelWithDebInfo|x64.Build.0 = RelWithDebInfo|x64
		{E7965142-923B-3613-9338-41E1EB06FABB}.Debug|x64.ActiveCfg = Debug|x64
		{E7965142-923B-3613-9338-41E1EB06FABB}.Debug|x64.Build.0 = Debug|x64
		{E7965142-923B-3613-9338-41E1EB06FABB}.Release|x64.ActiveCfg = Release|x64
		{E7965142-923B-3613-9338-41E1EB06FABB}.Release|x64.Build.0 = Release|x64
		{E7965142-923B-3613-9338-41E1EB06FABB}.MinSizeRel|x64.ActiveCfg = MinSizeRel|x64
		{E7965142-923B-3613-9338-41E1EB06FABB}.MinSizeRel|x64.Build.0 = MinSizeRel|x64
		{E7965142-923B-3613-9338-41E1EB06FABB}.RelWithDebInfo|x64.ActiveCfg = RelWithDebInfo|x64
		{E7965142-923B-3613-9338-41E1EB06FABB}.RelWithDebInfo|x64.Build.0 = RelWithDebInfo|x64
		{4551B29F-7660-3256-AD04-ED8E282EB1CE}.Debug|x64.ActiveCfg = Debug|x64
		{4551B29F-7660-3256-AD04-ED8E282EB1CE}.Debug|x64.Build.0 = Debug|x64
		{4551B29F-7660-3256-AD04-ED8E282EB1CE}.Release|x64.ActiveCfg = Release|x64
		{4551B29F-7660-3256-AD04-ED8E282EB1CE}.Release|x64.Build.0 = Release|x64
		{4551B29F-7660-3256-AD04-ED8E282EB1CE}.MinSizeRel|x64.ActiveCfg = MinSizeRel|x64
		{4551B29F-7660-3256-AD04-ED8E282EB1CE}.MinSizeRel|x64.Build.0 = MinSizeRel|x64
		{4551B29F-7660-3256-AD04-ED8E282EB1CE}.RelWithDebInfo|x64.ActiveCfg = RelWithDebInfo|x64
		{4551B29F-7660-3256-AD04-ED8E282EB1CE}.RelWithDebInfo|x64.Build.0 = RelWithDebInfo|x64
		{00509528-17BE-3933-BCF6-5621A2A2FE8C}.Debug|x64.ActiveCfg = Debug|x64
		{00509528-17BE-3933-BCF6-5621A2A2FE8C}.Debug|x64.Build.0 = Debug|x64
		{00509528-17BE-3933-BCF6-5621A2A2FE8C}.Release|x64.ActiveCfg = Release|x64
		{00509528-17BE-3933-BCF6-5621A2A2FE8C}.Release|x64.Build.0 = Release|x64
		{00509528-17BE-3933-BCF6-5621A2A2FE8C}.MinSizeRel|x64.ActiveCfg = MinSizeRel|x64
		{00509528-17BE-3933-BCF6-5621A2A2FE8C}.MinSizeRel|x64.Build.0 = MinSizeRel|x64
		{00509528-17BE-3933-BCF6-5621A2A2FE8C}.RelWithDebInfo|x64.ActiveCfg = RelWithDebInfo|x64
		{00509528-17BE-3933-BCF6-5621A2A2FE8C}.RelWithDebInfo|x64.Build.0 = RelWithDebInfo|x64
		{9D7D25CA-B6B6-3C83-AAB6-59E674DF1F4D}.Debug|x64.ActiveCfg = Debug|x64
		{9D7D25CA-B6B6-3C83-AAB6-59E674DF1F4D}.Debug|x64.Build.0 = Debug|x64
		{9D7D25CA-B6B6-3C83-AAB6-59E674DF1F4D}.Release|x64.ActiveCfg = Release|x64
		{9D7D25CA-B6B6-3C83-AAB6-59E674DF1F4D}.Release|x64.Build.0 = Release|x64
		{9D7D25CA-B6B6-3C83-AAB6-59E674DF1F4D}.MinSizeRel|x64.ActiveCfg = MinSizeRel|x64
		{9D7D25CA-B6B6-3C83-AAB6-59E674DF1F4D}.MinSizeRel|x64.Build.0 = MinSizeRel|x64
		{9D7D25CA-B6B6-3C83-AAB6-59E674DF1F4D}.RelWithDebInfo|x64.ActiveCfg = RelWithDebInfo|x64
		{9D7D25CA-B6B6-3C83-AAB6-59E674DF1F4D}.RelWithDebInfo|x64.Build.0 = RelWithDebInfo|x64
		{FF258A9A-1C61-3BEB-8FA3-D8FB050E8F4F}.Debug|x64.ActiveCfg = Debug|x64
		{FF258A9A-1C61-3BEB-8FA3-D8FB050E8F4F}.Debug|x64.Build.0 = Debug|x64
		{FF258A9A-1C61-3BEB-8FA3-D8FB050E8F4F}.Release|x64.ActiveCfg = Release|x64
		{FF258A9A-1C61-3BEB-8FA3-D8FB050E8F4F}.Release|x64.Build.0 = Release|x64
		{FF258A9A-1C61-3BEB-8FA3-D8FB050E8F4F}.MinSizeRel|x64.ActiveCfg = MinSizeRel|x64
		{FF258A9A-1C61-3BEB-8FA3-D8FB050E8F4F}.MinSizeRel|x64.Build.0 = MinSizeRel|x64
		{FF258A9A-1C61-3BEB-8FA3-D8FB050E8F4F}.RelWithDebInfo|x64.ActiveCfg = RelWithDebInfo|x64
		{FF258A9A-1C61-3BEB-8FA3-D8FB050E8F4F}.RelWithDebInfo|x64.Build.0 = RelWithDebInfo|x64
		{6B4CAAE0-1FBB-301A-A3B6-65C98CA3BC90}.Debug|x64.ActiveCfg = Debug|x64
		{6B4CAAE0-1FBB-301A-A3B6-65C98CA3BC90}.Debug|x64.Build.0 = Debug|x64
		{6B4CAAE0-1FBB-301A-A3B6-65C98CA3BC90}.Release|x64.ActiveCfg = Release|x64
		{6B4CAAE0-1FBB-301A-A3B6-65C98CA3BC90}.Release|x64.Build.0 = Release|x64
		{6B4CAAE0-1FBB-301A-A3B6-65C98CA3BC90}.MinSizeRel|x64.ActiveCfg = MinSizeRel|x64
		{6B4CAAE0-1FBB-301A-A3B6-65C98CA3BC90}.MinSizeRel|x64.Build.0 = MinSizeRel|x64
		{6B4CAAE0-1FBB-301A-A3B6-65C98CA3BC90}.RelWithDebInfo|x64.ActiveCfg = RelWithDebInfo|x64
		{6B4CAAE0-1FBB-301A-A3B6-65C98CA3BC90}.RelWithDebInfo|x64.Build.0 = RelWithDebInfo|x64
		{6BD523AC-AEBA-3F73-B9F7-766532B77077}.Debug|x64.ActiveCfg = Debug|x64
		{6BD523AC-AEBA-3F73-B9F7-766532B77077}.Debug|x64.Build.0 = Debug|x64
		{6BD523AC-AEBA-3F73-B9F7-766532B77077}.Release|x64.ActiveCfg = Release|x64
		{6BD523AC-AEBA-3F73-B9F7-766532B77077}.Release|x64.Build.0 = Release|x64
		{6BD523AC-AEBA-3F73-B9F7-766532B77077}.MinSizeRel|x64.ActiveCfg = MinSizeRel|x64
		{6BD523AC-AEBA-3F73-B9F7-766532B77077}.MinSizeRel|x64.Build.0 = MinSizeRel|x64
		{6BD523AC-AEBA-3F73-B9F7-766532B77077}.RelWithDebInfo|x64.ActiveCfg = RelWithDebInfo|x64
		{6BD523AC-AEBA-3F73-B9F7-766532B77077}.RelWithDebInfo|x64.Build.0 = RelWithDebInfo|x64
		{035E526A-BD0B-31BF-A59A-230E1FFE6EC3}.Debug|x64.ActiveCfg = Debug|x64
		{035E526A-BD0B-31BF-A59A-230E1FFE6EC3}.Debug|x64.Build.0 = Debug|x64
		{035E526A-BD0B-31BF-A59A-230E1FFE6EC3}.Release|x64.ActiveCfg = Release|x64
		{035E526A-BD0B-31BF-A59A-230E1FFE6EC3}.Release|x64.Build.0 = Release|x64
		{035E526A-BD0B-31BF-A59A-230E1FFE6EC3}.MinSizeRel|x64.ActiveCfg = MinSizeRel|x64
		{035E526A-BD0B-31BF-A59A-230E1FFE6EC3}.MinSizeRel|x64.Build.0 = MinSizeRel|x64
		{035E526A-BD0B-31BF-A59A-230E1FFE6EC3}.RelWithDebInfo|x64.ActiveCfg = RelWithDebInfo|x64
		{035E526A-BD0B-31BF-A59A-230E1FFE6EC3}.RelWithDebInfo|x64.Build.0 = RelWithDebInfo|x64
		{6C7FEF13-03E1-3BAD-9F7B-3CAC28A2F94F}.Debug|x64.ActiveCfg = Debug|x64
		{6C7FEF13-03E1-3BAD-9F7B-3CAC28A2F94F}.Debug|x64.Build.0 = Debug|x64
		{6C7FEF13-03E1-3BAD-9F7B-3CAC28A2F94F}.Release|x64.ActiveCfg = Release|x64
		{6C7FEF13-03E1-3BAD-9F7B-3CAC28A2F94F}.Release|x64.Build.0 = Release|x64
		{6C7FEF13-03E1-3BAD-9F7B-3CAC28A2F94F}.MinSizeRel|x64.ActiveCfg = MinSizeRel|x64
		{6C7FEF13-03E1-3BAD-9F7B-3CAC28A2F94F}.MinSizeRel|x64.Build.0 = MinSizeRel|x64
		{6C7FEF13-03E1-3BAD-9F7B-3CAC28A2F94F}.RelWithDebInfo|x64.ActiveCfg = RelWithDebInfo|x64
		{6C7FEF13-03E1-3BAD-9F7B-3CAC28A2F94F}.RelWithDebInfo|x64.Build.0 = RelWithDebInfo|x64
		{61D668CE-34FB-3CD9-B298-95529D69BEE0}.Debug|x64.ActiveCfg = Debug|x64
		{61D668CE-34FB-3CD9-B298-95529D69BEE0}.Debug|x64.Build.0 = Debug|x64
		{61D668CE-34FB-3CD9-B298-95529D69BEE0}.Release|x64.ActiveCfg = Release|x64
		{61D668CE-34FB-3CD9-B298-95529D69BEE0}.Release|x64.Build.0 = Release|x64
		{61D668CE-34FB-3CD9-B298-95529D69BEE0}.MinSizeRel|x64.ActiveCfg = MinSizeRel|x64
		{61D668CE-34FB-3CD9-B298-95529D69BEE0}.MinSizeRel|x64.Build.0 = MinSizeRel|x64
		{61D668CE-34FB-3CD9-B298-95529D69BEE0}.RelWithDebInfo|x64.ActiveCfg = RelWithDebInfo|x64
		{61D668CE-34FB-3CD9-B298-95529D69BEE0}.RelWithDebInfo|x64.Build.0 = RelWithDebInfo|x64
	EndGlobalSection
	GlobalSection(ExtensibilityGlobals) = postSolution
		SolutionGuid = {05ED458F-6AB8-36DC-9DB8-56CB7EE1CFCD}
	EndGlobalSection
	GlobalSection(ExtensibilityAddIns) = postSolution
	EndGlobalSection
EndGlobal
