
Microsoft Visual Studio Solution File, Format Version 12.00
# Visual Studio Version 17
Project("{8BC9CEB8-8B4A-11D0-8D11-00A0C91BC942}") = "ALL_BUILD", "ALL_BUILD.vcxproj", "{21B724E7-92C6-3202-AD07-0FD911DF51A6}"
	ProjectSection(ProjectDependencies) = postProject
		{1AB96451-EDAE-3D98-8431-E5D29EBFA486} = {1AB96451-EDAE-3D98-8431-E5D29EBFA486}
		{356A7241-8D02-3E2E-8ED3-965C4B54CECE} = {356A7241-8D02-3E2E-8ED3-965C4B54CECE}
		{B966F4BA-FF13-38F6-9021-C0905B12837E} = {B966F4BA-FF13-38F6-9021-C0905B12837E}
		{FCF22E34-EE72-3A49-8BAF-58E7C724D9B6} = {FCF22E34-EE72-3A49-8BAF-58E7C724D9B6}
		{27944465-43F0-30EF-BA9F-0F777951E064} = {27944465-43F0-30EF-BA9F-0F777951E064}
		{EC600C73-9814-3FC8-B96B-B665C45FB26B} = {EC600C73-9814-3FC8-B96B-B665C45FB26B}
		{E5079F4C-1051-3DAB-AA44-00DD64198427} = {E5079F4C-1051-3DAB-AA44-00DD64198427}
		{8FE45FAF-79E4-31D6-8597-5FED9BC6E2AC} = {8FE45FAF-79E4-31D6-8597-5FED9BC6E2AC}
		{439886BA-E9C8-38A1-95C4-16B79219817C} = {439886BA-E9C8-38A1-95C4-16B79219817C}
		{9274F192-523F-3E6D-AC9D-623902E2170A} = {9274F192-523F-3E6D-AC9D-623902E2170A}
		{7D27008A-EBED-335A-8A13-90DB38539AF4} = {7D27008A-EBED-335A-8A13-90DB38539AF4}
		{F89BF3D3-0E40-309E-B6AF-2C43FBC3D900} = {F89BF3D3-0E40-309E-B6AF-2C43FBC3D900}
		{9493625C-DBAB-3426-9DAA-13E4B33CF637} = {9493625C-DBAB-3426-9DAA-13E4B33CF637}
		{18F90546-E1DB-398D-BE69-E287D374B040} = {18F90546-E1DB-398D-BE69-E287D374B040}
		{D071BCBF-F28C-3811-A2A7-9FD1DA78490C} = {D071BCBF-F28C-3811-A2A7-9FD1DA78490C}
		{30FBF622-6EE3-3DF7-80E8-24A2770E292D} = {30FBF622-6EE3-3DF7-80E8-24A2770E292D}
		{CB796266-F862-335D-AB42-6F876F47E315} = {CB796266-F862-335D-AB42-6F876F47E315}
		{700DB3FF-754F-3AAF-8F06-7812A6EDCA6B} = {700DB3FF-754F-3AAF-8F06-7812A6EDCA6B}
		{1D14DCBF-85E8-3DAE-A26F-77C897582C25} = {1D14DCBF-85E8-3DAE-A26F-77C897582C25}
		{BD5F5D6F-05BF-359B-9667-4682B994A6FF} = {BD5F5D6F-05BF-359B-9667-4682B994A6FF}
		{9118A480-26C5-384E-93F2-697250A76F3B} = {9118A480-26C5-384E-93F2-697250A76F3B}
		{5FE9B8E7-7088-338F-B8B7-D10769006CBA} = {5FE9B8E7-7088-338F-B8B7-D10769006CBA}
		{4CE9B57D-6CC3-360E-8EC6-FF7504BD2CD8} = {4CE9B57D-6CC3-360E-8EC6-FF7504BD2CD8}
	EndProjectSection
EndProject
Project("{8BC9CEB8-8B4A-11D0-8D11-00A0C91BC942}") = "INSTALL", "INSTALL.vcxproj", "{C5434F25-EDF4-369C-90E8-F37EF6344906}"
	ProjectSection(ProjectDependencies) = postProject
		{21B724E7-92C6-3202-AD07-0FD911DF51A6} = {21B724E7-92C6-3202-AD07-0FD911DF51A6}
		{1AB96451-EDAE-3D98-8431-E5D29EBFA486} = {1AB96451-EDAE-3D98-8431-E5D29EBFA486}
	EndProjectSection
EndProject
Project("{8BC9CEB8-8B4A-11D0-8D11-00A0C91BC942}") = "ZERO_CHECK", "ZERO_CHECK.vcxproj", "{1AB96451-EDAE-3D98-8431-E5D29EBFA486}"
	ProjectSection(ProjectDependencies) = postProject
	EndProjectSection
EndProject
Project("{8BC9CEB8-8B4A-11D0-8D11-00A0C91BC942}") = "deploy_lvs_runtime", "deploy_lvs_runtime.vcxproj", "{356A7241-8D02-3E2E-8ED3-965C4B54CECE}"
	ProjectSection(ProjectDependencies) = postProject
		{1AB96451-EDAE-3D98-8431-E5D29EBFA486} = {1AB96451-EDAE-3D98-8431-E5D29EBFA486}
		{B966F4BA-FF13-38F6-9021-C0905B12837E} = {B966F4BA-FF13-38F6-9021-C0905B12837E}
	EndProjectSection
EndProject
Project("{8BC9CEB8-8B4A-11D0-8D11-00A0C91BC942}") = "ocr_analysis", "ocr_analysis.vcxproj", "{B966F4BA-FF13-38F6-9021-C0905B12837E}"
	ProjectSection(ProjectDependencies) = postProject
		{1AB96451-EDAE-3D98-8431-E5D29EBFA486} = {1AB96451-EDAE-3D98-8431-E5D29EBFA486}
	EndProjectSection
EndProject
Project("{8BC9CEB8-8B4A-11D0-8D11-00A0C91BC942}") = "ocr_demo", "ocr_demo.vcxproj", "{FCF22E34-EE72-3A49-8BAF-58E7C724D9B6}"
	ProjectSection(ProjectDependencies) = postProject
		{1AB96451-EDAE-3D98-8431-E5D29EBFA486} = {1AB96451-EDAE-3D98-8431-E5D29EBFA486}
		{B966F4BA-FF13-38F6-9021-C0905B12837E} = {B966F4BA-FF13-38F6-9021-C0905B12837E}
	EndProjectSection
EndProject
Project("{8BC9CEB8-8B4A-11D0-8D11-00A0C91BC942}") = "pdfcheck", "pdfcheck.vcxproj", "{27944465-43F0-30EF-BA9F-0F777951E064}"
	ProjectSection(ProjectDependencies) = postProject
		{1AB96451-EDAE-3D98-8431-E5D29EBFA486} = {1AB96451-EDAE-3D98-8431-E5D29EBFA486}
		{B966F4BA-FF13-38F6-9021-C0905B12837E} = {B966F4BA-FF13-38F6-9021-C0905B12837E}
	EndProjectSection
EndProject
Project("{8BC9CEB8-8B4A-11D0-8D11-00A0C91BC942}") = "test_bounds_modes", "test_bounds_modes.vcxproj", "{EC600C73-9814-3FC8-B96B-B665C45FB26B}"
	ProjectSection(ProjectDependencies) = postProject
		{1AB96451-EDAE-3D98-8431-E5D29EBFA486} = {1AB96451-EDAE-3D98-8431-E5D29EBFA486}
		{B966F4BA-FF13-38F6-9021-C0905B12837E} = {B966F4BA-FF13-38F6-9021-C0905B12837E}
	EndProjectSection
EndProject
Project("{8BC9CEB8-8B4A-11D0-8D11-00A0C91BC942}") = "test_check_image", "test_check_image.vcxproj", "{E5079F4C-1051-3DAB-AA44-00DD64198427}"
	ProjectSection(ProjectDependencies) = postProject
		{1AB96451-EDAE-3D98-8431-E5D29EBFA486} = {1AB96451-EDAE-3D98-8431-E5D29EBFA486}
		{B966F4BA-FF13-38F6-9021-C0905B12837E} = {B966F4BA-FF13-38F6-9021-C0905B12837E}
	EndProjectSection
EndProject
Project("{8BC9CEB8-8B4A-11D0-8D11-00A0C91BC942}") = "test_cleanup_image", "test_cleanup_image.vcxproj", "{8FE45FAF-79E4-31D6-8597-5FED9BC6E2AC}"
	ProjectSection(ProjectDependencies) = postProject
		{1AB96451-EDAE-3D98-8431-E5D29EBFA486} = {1AB96451-EDAE-3D98-8431-E5D29EBFA486}
		{B966F4BA-FF13-38F6-9021-C0905B12837E} = {B966F4BA-FF13-38F6-9021-C0905B12837E}
	EndProjectSection
EndProject
Project("{8BC9CEB8-8B4A-11D0-8D11-00A0C91BC942}") = "test_crop_label", "test_crop_label.vcxproj", "{439886BA-E9C8-38A1-95C4-16B79219817C}"
	ProjectSection(ProjectDependencies) = postProject
		{1AB96451-EDAE-3D98-8431-E5D29EBFA486} = {1AB96451-EDAE-3D98-8431-E5D29EBFA486}
		{B966F4BA-FF13-38F6-9021-C0905B12837E} = {B966F4BA-FF13-38F6-9021-C0905B12837E}
	EndProjectSection
EndProject
Project("{8BC9CEB8-8B4A-11D0-8D11-00A0C91BC942}") = "test_find_images", "test_find_images.vcxproj", "{9274F192-523F-3E6D-AC9D-623902E2170A}"
	ProjectSection(ProjectDependencies) = postProject
		{1AB96451-EDAE-3D98-8431-E5D29EBFA486} = {1AB96451-EDAE-3D98-8431-E5D29EBFA486}
		{B966F4BA-FF13-38F6-9021-C0905B12837E} = {B966F4BA-FF13-38F6-9021-C0905B12837E}
	EndProjectSection
EndProject
Project("{8BC9CEB8-8B4A-11D0-8D11-00A0C91BC942}") = "test_identify_regions", "test_identify_regions.vcxproj", "{7D27008A-EBED-335A-8A13-90DB38539AF4}"
	ProjectSection(ProjectDependencies) = postProject
		{1AB96451-EDAE-3D98-8431-E5D29EBFA486} = {1AB96451-EDAE-3D98-8431-E5D29EBFA486}
		{B966F4BA-FF13-38F6-9021-C0905B12837E} = {B966F4BA-FF13-38F6-9021-C0905B12837E}
	EndProjectSection
EndProject
Project("{8BC9CEB8-8B4A-11D0-8D11-00A0C91BC942}") = "test_ocr", "test_ocr.vcxproj", "{F89BF3D3-0E40-309E-B6AF-2C43FBC3D900}"
	ProjectSection(ProjectDependencies) = postProject
		{1AB96451-EDAE-3D98-8431-E5D29EBFA486} = {1AB96451-EDAE-3D98-8431-E5D29EBFA486}
		{B966F4BA-FF13-38F6-9021-C0905B12837E} = {B966F4BA-FF13-38F6-9021-C0905B12837E}
	EndProjectSection
EndProject
Project("{8BC9CEB8-8B4A-11D0-8D11-00A0C91BC942}") = "test_orientation", "test_orientation.vcxproj", "{9493625C-DBAB-3426-9DAA-13E4B33CF637}"
	ProjectSection(ProjectDependencies) = postProject
		{1AB96451-EDAE-3D98-8431-E5D29EBFA486} = {1AB96451-EDAE-3D98-8431-E5D29EBFA486}
		{B966F4BA-FF13-38F6-9021-C0905B12837E} = {B966F4BA-FF13-38F6-9021-C0905B12837E}
	EndProjectSection
EndProject
Project("{8BC9CEB8-8B4A-11D0-8D11-00A0C91BC942}") = "test_pdf", "test_pdf.vcxproj", "{18F90546-E1DB-398D-BE69-E287D374B040}"
	ProjectSection(ProjectDependencies) = postProject
		{1AB96451-EDAE-3D98-8431-E5D29EBFA486} = {1AB96451-EDAE-3D98-8431-E5D29EBFA486}
		{B966F4BA-FF13-38F6-9021-C0905B12837E} = {B966F4BA-FF13-38F6-9021-C0905B12837E}
	EndProjectSection
EndProject
Project("{8BC9CEB8-8B4A-11D0-8D11-00A0C91BC942}") = "test_pdf_elements", "test_pdf_elements.vcxproj", "{D071BCBF-F28C-3811-A2A7-9FD1DA78490C}"
	ProjectSection(ProjectDependencies) = postProject
		{1AB96451-EDAE-3D98-8431-E5D29EBFA486} = {1AB96451-EDAE-3D98-8431-E5D29EBFA486}
		{B966F4BA-FF13-38F6-9021-C0905B12837E} = {B966F4BA-FF13-38F6-9021-C0905B12837E}
	EndProjectSection
EndProject
Project("{8BC9CEB8-8B4A-11D0-8D11-00A0C91BC942}") = "test_pdf_embedded", "test_pdf_embedded.vcxproj", "{30FBF622-6EE3-3DF7-80E8-24A2770E292D}"
	ProjectSection(ProjectDependencies) = postProject
		{1AB96451-EDAE-3D98-8431-E5D29EBFA486} = {1AB96451-EDAE-3D98-8431-E5D29EBFA486}
		{B966F4BA-FF13-38F6-9021-C0905B12837E} = {B966F4BA-FF13-38F6-9021-C0905B12837E}
	EndProjectSection
EndProject
Project("{8BC9CEB8-8B4A-11D0-8D11-00A0C91BC942}") = "test_pdf_graphics", "test_pdf_graphics.vcxproj", "{CB796266-F862-335D-AB42-6F876F47E315}"
	ProjectSection(ProjectDependencies) = postProject
		{1AB96451-EDAE-3D98-8431-E5D29EBFA486} = {1AB96451-EDAE-3D98-8431-E5D29EBFA486}
		{B966F4BA-FF13-38F6-9021-C0905B12837E} = {B966F4BA-FF13-38F6-9021-C0905B12837E}
	EndProjectSection
EndProject
Project("{8BC9CEB8-8B4A-11D0-8D11-00A0C91BC942}") = "test_pdf_lines", "test_pdf_lines.vcxproj", "{700DB3FF-754F-3AAF-8F06-7812A6EDCA6B}"
	ProjectSection(ProjectDependencies) = postProject
		{1AB96451-EDAE-3D98-8431-E5D29EBFA486} = {1AB96451-EDAE-3D98-8431-E5D29EBFA486}
		{B966F4BA-FF13-38F6-9021-C0905B12837E} = {B966F4BA-FF13-38F6-9021-C0905B12837E}
	EndProjectSection
EndProject
Project("{8BC9CEB8-8B4A-11D0-8D11-00A0C91BC942}") = "test_pdf_rectangles", "test_pdf_rectangles.vcxproj", "{1D14DCBF-85E8-3DAE-A26F-77C897582C25}"
	ProjectSection(ProjectDependencies) = postProject
		{1AB96451-EDAE-3D98-8431-E5D29EBFA486} = {1AB96451-EDAE-3D98-8431-E5D29EBFA486}
		{B966F4BA-FF13-38F6-9021-C0905B12837E} = {B966F4BA-FF13-38F6-9021-C0905B12837E}
	EndProjectSection
EndProject
Project("{8BC9CEB8-8B4A-11D0-8D11-00A0C91BC942}") = "test_png_render", "test_png_render.vcxproj", "{BD5F5D6F-05BF-359B-9667-4682B994A6FF}"
	ProjectSection(ProjectDependencies) = postProject
		{1AB96451-EDAE-3D98-8431-E5D29EBFA486} = {1AB96451-EDAE-3D98-8431-E5D29EBFA486}
		{B966F4BA-FF13-38F6-9021-C0905B12837E} = {B966F4BA-FF13-38F6-9021-C0905B12837E}
	EndProjectSection
EndProject
Project("{8BC9CEB8-8B4A-11D0-8D11-00A0C91BC942}") = "test_render_info", "test_render_info.vcxproj", "{9118A480-26C5-384E-93F2-697250A76F3B}"
	ProjectSection(ProjectDependencies) = postProject
		{1AB96451-EDAE-3D98-8431-E5D29EBFA486} = {1AB96451-EDAE-3D98-8431-E5D29EBFA486}
		{B966F4BA-FF13-38F6-9021-C0905B12837E} = {B966F4BA-FF13-38F6-9021-C0905B12837E}
	EndProjectSection
EndProject
Project("{8BC9CEB8-8B4A-11D0-8D11-00A0C91BC942}") = "test_sort_elements", "test_sort_elements.vcxproj", "{5FE9B8E7-7088-338F-B8B7-D10769006CBA}"
	ProjectSection(ProjectDependencies) = postProject
		{1AB96451-EDAE-3D98-8431-E5D29EBFA486} = {1AB96451-EDAE-3D98-8431-E5D29EBFA486}
		{B966F4BA-FF13-38F6-9021-C0905B12837E} = {B966F4BA-FF13-38F6-9021-C0905B12837E}
	EndProjectSection
EndProject
Project("{8BC9CEB8-8B4A-11D0-8D11-00A0C91BC942}") = "test_strip_bleed_marks", "test_strip_bleed_marks.vcxproj", "{4CE9B57D-6CC3-360E-8EC6-FF7504BD2CD8}"
	ProjectSection(ProjectDependencies) = postProject
		{1AB96451-EDAE-3D98-8431-E5D29EBFA486} = {1AB96451-EDAE-3D98-8431-E5D29EBFA486}
		{B966F4BA-FF13-38F6-9021-C0905B12837E} = {B966F4BA-FF13-38F6-9021-C0905B12837E}
	EndProjectSection
EndProject
Global
	GlobalSection(SolutionConfigurationPlatforms) = preSolution
		Debug|x64 = Debug|x64
		Release|x64 = Release|x64
		MinSizeRel|x64 = MinSizeRel|x64
		RelWithDebInfo|x64 = RelWithDebInfo|x64
	EndGlobalSection
	GlobalSection(ProjectConfigurationPlatforms) = postSolution
		{21B724E7-92C6-3202-AD07-0FD911DF51A6}.Debug|x64.ActiveCfg = Debug|x64
		{21B724E7-92C6-3202-AD07-0FD911DF51A6}.Debug|x64.Build.0 = Debug|x64
		{21B724E7-92C6-3202-AD07-0FD911DF51A6}.Release|x64.ActiveCfg = Release|x64
		{21B724E7-92C6-3202-AD07-0FD911DF51A6}.Release|x64.Build.0 = Release|x64
		{21B724E7-92C6-3202-AD07-0FD911DF51A6}.MinSizeRel|x64.ActiveCfg = MinSizeRel|x64
		{21B724E7-92C6-3202-AD07-0FD911DF51A6}.MinSizeRel|x64.Build.0 = MinSizeRel|x64
		{21B724E7-92C6-3202-AD07-0FD911DF51A6}.RelWithDebInfo|x64.ActiveCfg = RelWithDebInfo|x64
		{21B724E7-92C6-3202-AD07-0FD911DF51A6}.RelWithDebInfo|x64.Build.0 = RelWithDebInfo|x64
		{C5434F25-EDF4-369C-90E8-F37EF6344906}.Debug|x64.ActiveCfg = Debug|x64
		{C5434F25-EDF4-369C-90E8-F37EF6344906}.Release|x64.ActiveCfg = Release|x64
		{C5434F25-EDF4-369C-90E8-F37EF6344906}.MinSizeRel|x64.ActiveCfg = MinSizeRel|x64
		{C5434F25-EDF4-369C-90E8-F37EF6344906}.RelWithDebInfo|x64.ActiveCfg = RelWithDebInfo|x64
		{1AB96451-EDAE-3D98-8431-E5D29EBFA486}.Debug|x64.ActiveCfg = Debug|x64
		{1AB96451-EDAE-3D98-8431-E5D29EBFA486}.Debug|x64.Build.0 = Debug|x64
		{1AB96451-EDAE-3D98-8431-E5D29EBFA486}.Release|x64.ActiveCfg = Release|x64
		{1AB96451-EDAE-3D98-8431-E5D29EBFA486}.Release|x64.Build.0 = Release|x64
		{1AB96451-EDAE-3D98-8431-E5D29EBFA486}.MinSizeRel|x64.ActiveCfg = MinSizeRel|x64
		{1AB96451-EDAE-3D98-8431-E5D29EBFA486}.MinSizeRel|x64.Build.0 = MinSizeRel|x64
		{1AB96451-EDAE-3D98-8431-E5D29EBFA486}.RelWithDebInfo|x64.ActiveCfg = RelWithDebInfo|x64
		{1AB96451-EDAE-3D98-8431-E5D29EBFA486}.RelWithDebInfo|x64.Build.0 = RelWithDebInfo|x64
		{356A7241-8D02-3E2E-8ED3-965C4B54CECE}.Debug|x64.ActiveCfg = Debug|x64
		{356A7241-8D02-3E2E-8ED3-965C4B54CECE}.Debug|x64.Build.0 = Debug|x64
		{356A7241-8D02-3E2E-8ED3-965C4B54CECE}.Release|x64.ActiveCfg = Release|x64
		{356A7241-8D02-3E2E-8ED3-965C4B54CECE}.Release|x64.Build.0 = Release|x64
		{356A7241-8D02-3E2E-8ED3-965C4B54CECE}.MinSizeRel|x64.ActiveCfg = MinSizeRel|x64
		{356A7241-8D02-3E2E-8ED3-965C4B54CECE}.MinSizeRel|x64.Build.0 = MinSizeRel|x64
		{356A7241-8D02-3E2E-8ED3-965C4B54CECE}.RelWithDebInfo|x64.ActiveCfg = RelWithDebInfo|x64
		{356A7241-8D02-3E2E-8ED3-965C4B54CECE}.RelWithDebInfo|x64.Build.0 = RelWithDebInfo|x64
		{B966F4BA-FF13-38F6-9021-C0905B12837E}.Debug|x64.ActiveCfg = Debug|x64
		{B966F4BA-FF13-38F6-9021-C0905B12837E}.Debug|x64.Build.0 = Debug|x64
		{B966F4BA-FF13-38F6-9021-C0905B12837E}.Release|x64.ActiveCfg = Release|x64
		{B966F4BA-FF13-38F6-9021-C0905B12837E}.Release|x64.Build.0 = Release|x64
		{B966F4BA-FF13-38F6-9021-C0905B12837E}.MinSizeRel|x64.ActiveCfg = MinSizeRel|x64
		{B966F4BA-FF13-38F6-9021-C0905B12837E}.MinSizeRel|x64.Build.0 = MinSizeRel|x64
		{B966F4BA-FF13-38F6-9021-C0905B12837E}.RelWithDebInfo|x64.ActiveCfg = RelWithDebInfo|x64
		{B966F4BA-FF13-38F6-9021-C0905B12837E}.RelWithDebInfo|x64.Build.0 = RelWithDebInfo|x64
		{FCF22E34-EE72-3A49-8BAF-58E7C724D9B6}.Debug|x64.ActiveCfg = Debug|x64
		{FCF22E34-EE72-3A49-8BAF-58E7C724D9B6}.Debug|x64.Build.0 = Debug|x64
		{FCF22E34-EE72-3A49-8BAF-58E7C724D9B6}.Release|x64.ActiveCfg = Release|x64
		{FCF22E34-EE72-3A49-8BAF-58E7C724D9B6}.Release|x64.Build.0 = Release|x64
		{FCF22E34-EE72-3A49-8BAF-58E7C724D9B6}.MinSizeRel|x64.ActiveCfg = MinSizeRel|x64
		{FCF22E34-EE72-3A49-8BAF-58E7C724D9B6}.MinSizeRel|x64.Build.0 = MinSizeRel|x64
		{FCF22E34-EE72-3A49-8BAF-58E7C724D9B6}.RelWithDebInfo|x64.ActiveCfg = RelWithDebInfo|x64
		{FCF22E34-EE72-3A49-8BAF-58E7C724D9B6}.RelWithDebInfo|x64.Build.0 = RelWithDebInfo|x64
		{27944465-43F0-30EF-BA9F-0F777951E064}.Debug|x64.ActiveCfg = Debug|x64
		{27944465-43F0-30EF-BA9F-0F777951E064}.Debug|x64.Build.0 = Debug|x64
		{27944465-43F0-30EF-BA9F-0F777951E064}.Release|x64.ActiveCfg = Release|x64
		{27944465-43F0-30EF-BA9F-0F777951E064}.Release|x64.Build.0 = Release|x64
		{27944465-43F0-30EF-BA9F-0F777951E064}.MinSizeRel|x64.ActiveCfg = MinSizeRel|x64
		{27944465-43F0-30EF-BA9F-0F777951E064}.MinSizeRel|x64.Build.0 = MinSizeRel|x64
		{27944465-43F0-30EF-BA9F-0F777951E064}.RelWithDebInfo|x64.ActiveCfg = RelWithDebInfo|x64
		{27944465-43F0-30EF-BA9F-0F777951E064}.RelWithDebInfo|x64.Build.0 = RelWithDebInfo|x64
		{EC600C73-9814-3FC8-B96B-B665C45FB26B}.Debug|x64.ActiveCfg = Debug|x64
		{EC600C73-9814-3FC8-B96B-B665C45FB26B}.Debug|x64.Build.0 = Debug|x64
		{EC600C73-9814-3FC8-B96B-B665C45FB26B}.Release|x64.ActiveCfg = Release|x64
		{EC600C73-9814-3FC8-B96B-B665C45FB26B}.Release|x64.Build.0 = Release|x64
		{EC600C73-9814-3FC8-B96B-B665C45FB26B}.MinSizeRel|x64.ActiveCfg = MinSizeRel|x64
		{EC600C73-9814-3FC8-B96B-B665C45FB26B}.MinSizeRel|x64.Build.0 = MinSizeRel|x64
		{EC600C73-9814-3FC8-B96B-B665C45FB26B}.RelWithDebInfo|x64.ActiveCfg = RelWithDebInfo|x64
		{EC600C73-9814-3FC8-B96B-B665C45FB26B}.RelWithDebInfo|x64.Build.0 = RelWithDebInfo|x64
		{E5079F4C-1051-3DAB-AA44-00DD64198427}.Debug|x64.ActiveCfg = Debug|x64
		{E5079F4C-1051-3DAB-AA44-00DD64198427}.Debug|x64.Build.0 = Debug|x64
		{E5079F4C-1051-3DAB-AA44-00DD64198427}.Release|x64.ActiveCfg = Release|x64
		{E5079F4C-1051-3DAB-AA44-00DD64198427}.Release|x64.Build.0 = Release|x64
		{E5079F4C-1051-3DAB-AA44-00DD64198427}.MinSizeRel|x64.ActiveCfg = MinSizeRel|x64
		{E5079F4C-1051-3DAB-AA44-00DD64198427}.MinSizeRel|x64.Build.0 = MinSizeRel|x64
		{E5079F4C-1051-3DAB-AA44-00DD64198427}.RelWithDebInfo|x64.ActiveCfg = RelWithDebInfo|x64
		{E5079F4C-1051-3DAB-AA44-00DD64198427}.RelWithDebInfo|x64.Build.0 = RelWithDebInfo|x64
		{8FE45FAF-79E4-31D6-8597-5FED9BC6E2AC}.Debug|x64.ActiveCfg = Debug|x64
		{8FE45FAF-79E4-31D6-8597-5FED9BC6E2AC}.Debug|x64.Build.0 = Debug|x64
		{8FE45FAF-79E4-31D6-8597-5FED9BC6E2AC}.Release|x64.ActiveCfg = Release|x64
		{8FE45FAF-79E4-31D6-8597-5FED9BC6E2AC}.Release|x64.Build.0 = Release|x64
		{8FE45FAF-79E4-31D6-8597-5FED9BC6E2AC}.MinSizeRel|x64.ActiveCfg = MinSizeRel|x64
		{8FE45FAF-79E4-31D6-8597-5FED9BC6E2AC}.MinSizeRel|x64.Build.0 = MinSizeRel|x64
		{8FE45FAF-79E4-31D6-8597-5FED9BC6E2AC}.RelWithDebInfo|x64.ActiveCfg = RelWithDebInfo|x64
		{8FE45FAF-79E4-31D6-8597-5FED9BC6E2AC}.RelWithDebInfo|x64.Build.0 = RelWithDebInfo|x64
		{439886BA-E9C8-38A1-95C4-16B79219817C}.Debug|x64.ActiveCfg = Debug|x64
		{439886BA-E9C8-38A1-95C4-16B79219817C}.Debug|x64.Build.0 = Debug|x64
		{439886BA-E9C8-38A1-95C4-16B79219817C}.Release|x64.ActiveCfg = Release|x64
		{439886BA-E9C8-38A1-95C4-16B79219817C}.Release|x64.Build.0 = Release|x64
		{439886BA-E9C8-38A1-95C4-16B79219817C}.MinSizeRel|x64.ActiveCfg = MinSizeRel|x64
		{439886BA-E9C8-38A1-95C4-16B79219817C}.MinSizeRel|x64.Build.0 = MinSizeRel|x64
		{439886BA-E9C8-38A1-95C4-16B79219817C}.RelWithDebInfo|x64.ActiveCfg = RelWithDebInfo|x64
		{439886BA-E9C8-38A1-95C4-16B79219817C}.RelWithDebInfo|x64.Build.0 = RelWithDebInfo|x64
		{9274F192-523F-3E6D-AC9D-623902E2170A}.Debug|x64.ActiveCfg = Debug|x64
		{9274F192-523F-3E6D-AC9D-623902E2170A}.Debug|x64.Build.0 = Debug|x64
		{9274F192-523F-3E6D-AC9D-623902E2170A}.Release|x64.ActiveCfg = Release|x64
		{9274F192-523F-3E6D-AC9D-623902E2170A}.Release|x64.Build.0 = Release|x64
		{9274F192-523F-3E6D-AC9D-623902E2170A}.MinSizeRel|x64.ActiveCfg = MinSizeRel|x64
		{9274F192-523F-3E6D-AC9D-623902E2170A}.MinSizeRel|x64.Build.0 = MinSizeRel|x64
		{9274F192-523F-3E6D-AC9D-623902E2170A}.RelWithDebInfo|x64.ActiveCfg = RelWithDebInfo|x64
		{9274F192-523F-3E6D-AC9D-623902E2170A}.RelWithDebInfo|x64.Build.0 = RelWithDebInfo|x64
		{7D27008A-EBED-335A-8A13-90DB38539AF4}.Debug|x64.ActiveCfg = Debug|x64
		{7D27008A-EBED-335A-8A13-90DB38539AF4}.Debug|x64.Build.0 = Debug|x64
		{7D27008A-EBED-335A-8A13-90DB38539AF4}.Release|x64.ActiveCfg = Release|x64
		{7D27008A-EBED-335A-8A13-90DB38539AF4}.Release|x64.Build.0 = Release|x64
		{7D27008A-EBED-335A-8A13-90DB38539AF4}.MinSizeRel|x64.ActiveCfg = MinSizeRel|x64
		{7D27008A-EBED-335A-8A13-90DB38539AF4}.MinSizeRel|x64.Build.0 = MinSizeRel|x64
		{7D27008A-EBED-335A-8A13-90DB38539AF4}.RelWithDebInfo|x64.ActiveCfg = RelWithDebInfo|x64
		{7D27008A-EBED-335A-8A13-90DB38539AF4}.RelWithDebInfo|x64.Build.0 = RelWithDebInfo|x64
		{F89BF3D3-0E40-309E-B6AF-2C43FBC3D900}.Debug|x64.ActiveCfg = Debug|x64
		{F89BF3D3-0E40-309E-B6AF-2C43FBC3D900}.Debug|x64.Build.0 = Debug|x64
		{F89BF3D3-0E40-309E-B6AF-2C43FBC3D900}.Release|x64.ActiveCfg = Release|x64
		{F89BF3D3-0E40-309E-B6AF-2C43FBC3D900}.Release|x64.Build.0 = Release|x64
		{F89BF3D3-0E40-309E-B6AF-2C43FBC3D900}.MinSizeRel|x64.ActiveCfg = MinSizeRel|x64
		{F89BF3D3-0E40-309E-B6AF-2C43FBC3D900}.MinSizeRel|x64.Build.0 = MinSizeRel|x64
		{F89BF3D3-0E40-309E-B6AF-2C43FBC3D900}.RelWithDebInfo|x64.ActiveCfg = RelWithDebInfo|x64
		{F89BF3D3-0E40-309E-B6AF-2C43FBC3D900}.RelWithDebInfo|x64.Build.0 = RelWithDebInfo|x64
		{9493625C-DBAB-3426-9DAA-13E4B33CF637}.Debug|x64.ActiveCfg = Debug|x64
		{9493625C-DBAB-3426-9DAA-13E4B33CF637}.Debug|x64.Build.0 = Debug|x64
		{9493625C-DBAB-3426-9DAA-13E4B33CF637}.Release|x64.ActiveCfg = Release|x64
		{9493625C-DBAB-3426-9DAA-13E4B33CF637}.Release|x64.Build.0 = Release|x64
		{9493625C-DBAB-3426-9DAA-13E4B33CF637}.MinSizeRel|x64.ActiveCfg = MinSizeRel|x64
		{9493625C-DBAB-3426-9DAA-13E4B33CF637}.MinSizeRel|x64.Build.0 = MinSizeRel|x64
		{9493625C-DBAB-3426-9DAA-13E4B33CF637}.RelWithDebInfo|x64.ActiveCfg = RelWithDebInfo|x64
		{9493625C-DBAB-3426-9DAA-13E4B33CF637}.RelWithDebInfo|x64.Build.0 = RelWithDebInfo|x64
		{18F90546-E1DB-398D-BE69-E287D374B040}.Debug|x64.ActiveCfg = Debug|x64
		{18F90546-E1DB-398D-BE69-E287D374B040}.Debug|x64.Build.0 = Debug|x64
		{18F90546-E1DB-398D-BE69-E287D374B040}.Release|x64.ActiveCfg = Release|x64
		{18F90546-E1DB-398D-BE69-E287D374B040}.Release|x64.Build.0 = Release|x64
		{18F90546-E1DB-398D-BE69-E287D374B040}.MinSizeRel|x64.ActiveCfg = MinSizeRel|x64
		{18F90546-E1DB-398D-BE69-E287D374B040}.MinSizeRel|x64.Build.0 = MinSizeRel|x64
		{18F90546-E1DB-398D-BE69-E287D374B040}.RelWithDebInfo|x64.ActiveCfg = RelWithDebInfo|x64
		{18F90546-E1DB-398D-BE69-E287D374B040}.RelWithDebInfo|x64.Build.0 = RelWithDebInfo|x64
		{D071BCBF-F28C-3811-A2A7-9FD1DA78490C}.Debug|x64.ActiveCfg = Debug|x64
		{D071BCBF-F28C-3811-A2A7-9FD1DA78490C}.Debug|x64.Build.0 = Debug|x64
		{D071BCBF-F28C-3811-A2A7-9FD1DA78490C}.Release|x64.ActiveCfg = Release|x64
		{D071BCBF-F28C-3811-A2A7-9FD1DA78490C}.Release|x64.Build.0 = Release|x64
		{D071BCBF-F28C-3811-A2A7-9FD1DA78490C}.MinSizeRel|x64.ActiveCfg = MinSizeRel|x64
		{D071BCBF-F28C-3811-A2A7-9FD1DA78490C}.MinSizeRel|x64.Build.0 = MinSizeRel|x64
		{D071BCBF-F28C-3811-A2A7-9FD1DA78490C}.RelWithDebInfo|x64.ActiveCfg = RelWithDebInfo|x64
		{D071BCBF-F28C-3811-A2A7-9FD1DA78490C}.RelWithDebInfo|x64.Build.0 = RelWithDebInfo|x64
		{30FBF622-6EE3-3DF7-80E8-24A2770E292D}.Debug|x64.ActiveCfg = Debug|x64
		{30FBF622-6EE3-3DF7-80E8-24A2770E292D}.Debug|x64.Build.0 = Debug|x64
		{30FBF622-6EE3-3DF7-80E8-24A2770E292D}.Release|x64.ActiveCfg = Release|x64
		{30FBF622-6EE3-3DF7-80E8-24A2770E292D}.Release|x64.Build.0 = Release|x64
		{30FBF622-6EE3-3DF7-80E8-24A2770E292D}.MinSizeRel|x64.ActiveCfg = MinSizeRel|x64
		{30FBF622-6EE3-3DF7-80E8-24A2770E292D}.MinSizeRel|x64.Build.0 = MinSizeRel|x64
		{30FBF622-6EE3-3DF7-80E8-24A2770E292D}.RelWithDebInfo|x64.ActiveCfg = RelWithDebInfo|x64
		{30FBF622-6EE3-3DF7-80E8-24A2770E292D}.RelWithDebInfo|x64.Build.0 = RelWithDebInfo|x64
		{CB796266-F862-335D-AB42-6F876F47E315}.Debug|x64.ActiveCfg = Debug|x64
		{CB796266-F862-335D-AB42-6F876F47E315}.Debug|x64.Build.0 = Debug|x64
		{CB796266-F862-335D-AB42-6F876F47E315}.Release|x64.ActiveCfg = Release|x64
		{CB796266-F862-335D-AB42-6F876F47E315}.Release|x64.Build.0 = Release|x64
		{CB796266-F862-335D-AB42-6F876F47E315}.MinSizeRel|x64.ActiveCfg = MinSizeRel|x64
		{CB796266-F862-335D-AB42-6F876F47E315}.MinSizeRel|x64.Build.0 = MinSizeRel|x64
		{CB796266-F862-335D-AB42-6F876F47E315}.RelWithDebInfo|x64.ActiveCfg = RelWithDebInfo|x64
		{CB796266-F862-335D-AB42-6F876F47E315}.RelWithDebInfo|x64.Build.0 = RelWithDebInfo|x64
		{700DB3FF-754F-3AAF-8F06-7812A6EDCA6B}.Debug|x64.ActiveCfg = Debug|x64
		{700DB3FF-754F-3AAF-8F06-7812A6EDCA6B}.Debug|x64.Build.0 = Debug|x64
		{700DB3FF-754F-3AAF-8F06-7812A6EDCA6B}.Release|x64.ActiveCfg = Release|x64
		{700DB3FF-754F-3AAF-8F06-7812A6EDCA6B}.Release|x64.Build.0 = Release|x64
		{700DB3FF-754F-3AAF-8F06-7812A6EDCA6B}.MinSizeRel|x64.ActiveCfg = MinSizeRel|x64
		{700DB3FF-754F-3AAF-8F06-7812A6EDCA6B}.MinSizeRel|x64.Build.0 = MinSizeRel|x64
		{700DB3FF-754F-3AAF-8F06-7812A6EDCA6B}.RelWithDebInfo|x64.ActiveCfg = RelWithDebInfo|x64
		{700DB3FF-754F-3AAF-8F06-7812A6EDCA6B}.RelWithDebInfo|x64.Build.0 = RelWithDebInfo|x64
		{1D14DCBF-85E8-3DAE-A26F-77C897582C25}.Debug|x64.ActiveCfg = Debug|x64
		{1D14DCBF-85E8-3DAE-A26F-77C897582C25}.Debug|x64.Build.0 = Debug|x64
		{1D14DCBF-85E8-3DAE-A26F-77C897582C25}.Release|x64.ActiveCfg = Release|x64
		{1D14DCBF-85E8-3DAE-A26F-77C897582C25}.Release|x64.Build.0 = Release|x64
		{1D14DCBF-85E8-3DAE-A26F-77C897582C25}.MinSizeRel|x64.ActiveCfg = MinSizeRel|x64
		{1D14DCBF-85E8-3DAE-A26F-77C897582C25}.MinSizeRel|x64.Build.0 = MinSizeRel|x64
		{1D14DCBF-85E8-3DAE-A26F-77C897582C25}.RelWithDebInfo|x64.ActiveCfg = RelWithDebInfo|x64
		{1D14DCBF-85E8-3DAE-A26F-77C897582C25}.RelWithDebInfo|x64.Build.0 = RelWithDebInfo|x64
		{BD5F5D6F-05BF-359B-9667-4682B994A6FF}.Debug|x64.ActiveCfg = Debug|x64
		{BD5F5D6F-05BF-359B-9667-4682B994A6FF}.Debug|x64.Build.0 = Debug|x64
		{BD5F5D6F-05BF-359B-9667-4682B994A6FF}.Release|x64.ActiveCfg = Release|x64
		{BD5F5D6F-05BF-359B-9667-4682B994A6FF}.Release|x64.Build.0 = Release|x64
		{BD5F5D6F-05BF-359B-9667-4682B994A6FF}.MinSizeRel|x64.ActiveCfg = MinSizeRel|x64
		{BD5F5D6F-05BF-359B-9667-4682B994A6FF}.MinSizeRel|x64.Build.0 = MinSizeRel|x64
		{BD5F5D6F-05BF-359B-9667-4682B994A6FF}.RelWithDebInfo|x64.ActiveCfg = RelWithDebInfo|x64
		{BD5F5D6F-05BF-359B-9667-4682B994A6FF}.RelWithDebInfo|x64.Build.0 = RelWithDebInfo|x64
		{9118A480-26C5-384E-93F2-697250A76F3B}.Debug|x64.ActiveCfg = Debug|x64
		{9118A480-26C5-384E-93F2-697250A76F3B}.Debug|x64.Build.0 = Debug|x64
		{9118A480-26C5-384E-93F2-697250A76F3B}.Release|x64.ActiveCfg = Release|x64
		{9118A480-26C5-384E-93F2-697250A76F3B}.Release|x64.Build.0 = Release|x64
		{9118A480-26C5-384E-93F2-697250A76F3B}.MinSizeRel|x64.ActiveCfg = MinSizeRel|x64
		{9118A480-26C5-384E-93F2-697250A76F3B}.MinSizeRel|x64.Build.0 = MinSizeRel|x64
		{9118A480-26C5-384E-93F2-697250A76F3B}.RelWithDebInfo|x64.ActiveCfg = RelWithDebInfo|x64
		{9118A480-26C5-384E-93F2-697250A76F3B}.RelWithDebInfo|x64.Build.0 = RelWithDebInfo|x64
		{5FE9B8E7-7088-338F-B8B7-D10769006CBA}.Debug|x64.ActiveCfg = Debug|x64
		{5FE9B8E7-7088-338F-B8B7-D10769006CBA}.Debug|x64.Build.0 = Debug|x64
		{5FE9B8E7-7088-338F-B8B7-D10769006CBA}.Release|x64.ActiveCfg = Release|x64
		{5FE9B8E7-7088-338F-B8B7-D10769006CBA}.Release|x64.Build.0 = Release|x64
		{5FE9B8E7-7088-338F-B8B7-D10769006CBA}.MinSizeRel|x64.ActiveCfg = MinSizeRel|x64
		{5FE9B8E7-7088-338F-B8B7-D10769006CBA}.MinSizeRel|x64.Build.0 = MinSizeRel|x64
		{5FE9B8E7-7088-338F-B8B7-D10769006CBA}.RelWithDebInfo|x64.ActiveCfg = RelWithDebInfo|x64
		{5FE9B8E7-7088-338F-B8B7-D10769006CBA}.RelWithDebInfo|x64.Build.0 = RelWithDebInfo|x64
		{4CE9B57D-6CC3-360E-8EC6-FF7504BD2CD8}.Debug|x64.ActiveCfg = Debug|x64
		{4CE9B57D-6CC3-360E-8EC6-FF7504BD2CD8}.Debug|x64.Build.0 = Debug|x64
		{4CE9B57D-6CC3-360E-8EC6-FF7504BD2CD8}.Release|x64.ActiveCfg = Release|x64
		{4CE9B57D-6CC3-360E-8EC6-FF7504BD2CD8}.Release|x64.Build.0 = Release|x64
		{4CE9B57D-6CC3-360E-8EC6-FF7504BD2CD8}.MinSizeRel|x64.ActiveCfg = MinSizeRel|x64
		{4CE9B57D-6CC3-360E-8EC6-FF7504BD2CD8}.MinSizeRel|x64.Build.0 = MinSizeRel|x64
		{4CE9B57D-6CC3-360E-8EC6-FF7504BD2CD8}.RelWithDebInfo|x64.ActiveCfg = RelWithDebInfo|x64
		{4CE9B57D-6CC3-360E-8EC6-FF7504BD2CD8}.RelWithDebInfo|x64.Build.0 = RelWithDebInfo|x64
	EndGlobalSection
	GlobalSection(ExtensibilityGlobals) = postSolution
		SolutionGuid = {DAF0A18E-ADC6-3A26-924A-7613FCE8652A}
	EndGlobalSection
	GlobalSection(ExtensibilityAddIns) = postSolution
	EndGlobalSection
EndGlobal
