
Microsoft Visual Studio Solution File, Format Version 12.00
# Visual Studio Version 17
Project("{8BC9CEB8-8B4A-11D0-8D11-00A0C91BC942}") = "ALL_BUILD", "ALL_BUILD.vcxproj", "{7EE9BDC3-B2C1-3368-93DF-150C204E8F65}"
	ProjectSection(ProjectDependencies) = postProject
		{BFA48436-7D08-3CDA-B327-DBA84A93F8AB} = {BFA48436-7D08-3CDA-B327-DBA84A93F8AB}
		{5B0D94CF-8BF1-3110-B2F4-59429F0C0B79} = {5B0D94CF-8BF1-3110-B2F4-59429F0C0B79}
		{EB61089E-A6D6-3DCF-9095-B3443EDC1EE1} = {EB61089E-A6D6-3DCF-9095-B3443EDC1EE1}
		{C0610301-19BE-3730-AA70-7EFD517BF7F4} = {C0610301-19BE-3730-AA70-7EFD517BF7F4}
		{95A77CCE-AE51-3740-B204-9CE958DBE78A} = {95A77CCE-AE51-3740-B204-9CE958DBE78A}
		{2D31D16B-95FA-3DF6-962F-03C82ADDD5E0} = {2D31D16B-95FA-3DF6-962F-03C82ADDD5E0}
		{9A8830C9-F05D-3C63-BF58-C6777B375F6A} = {9A8830C9-F05D-3C63-BF58-C6777B375F6A}
		{4669BDFF-ABC7-355D-8575-AC7B7C80E0F8} = {4669BDFF-ABC7-355D-8575-AC7B7C80E0F8}
		{43F18E58-317F-3341-8E88-5C21B91687C7} = {43F18E58-317F-3341-8E88-5C21B91687C7}
		{EB1A7149-00FD-3B83-9458-2191912E9184} = {EB1A7149-00FD-3B83-9458-2191912E9184}
		{7AB995AB-E068-3CC4-997A-D8EEA341C157} = {7AB995AB-E068-3CC4-997A-D8EEA341C157}
		{96C46C3B-2CF8-3570-99F6-B6E2272AE357} = {96C46C3B-2CF8-3570-99F6-B6E2272AE357}
		{01B7A439-093D-3A72-88DB-24AC2431C9B3} = {01B7A439-093D-3A72-88DB-24AC2431C9B3}
		{920324BC-9C63-3EF2-B59B-0E6875569085} = {920324BC-9C63-3EF2-B59B-0E6875569085}
		{DC31C05C-DF41-3637-B614-7DCAC2419CF3} = {DC31C05C-DF41-3637-B614-7DCAC2419CF3}
		{01307691-413D-38A5-821B-7016BC689033} = {01307691-413D-38A5-821B-7016BC689033}
		{F09D3232-7110-346F-8FF4-54617BE3EF4F} = {F09D3232-7110-346F-8FF4-54617BE3EF4F}
		{492F0FDC-056E-39F6-B022-831ED4600C1C} = {492F0FDC-056E-39F6-B022-831ED4600C1C}
		{311C00C5-A70D-3546-8DEB-17D801801C59} = {311C00C5-A70D-3546-8DEB-17D801801C59}
		{67BC1DCC-8DB7-3957-BD83-E13B0D97DDD1} = {67BC1DCC-8DB7-3957-BD83-E13B0D97DDD1}
		{66EA91AC-B09C-3807-8137-00780DEE1DDD} = {66EA91AC-B09C-3807-8137-00780DEE1DDD}
		{EE5A9F7E-93EE-3A71-91E6-B8EB16DBD482} = {EE5A9F7E-93EE-3A71-91E6-B8EB16DBD482}
	EndProjectSection
EndProject
Project("{8BC9CEB8-8B4A-11D0-8D11-00A0C91BC942}") = "INSTALL", "INSTALL.vcxproj", "{59EEAAE7-F7AE-35B8-B6ED-7CC7E0105270}"
	ProjectSection(ProjectDependencies) = postProject
		{7EE9BDC3-B2C1-3368-93DF-150C204E8F65} = {7EE9BDC3-B2C1-3368-93DF-150C204E8F65}
		{BFA48436-7D08-3CDA-B327-DBA84A93F8AB} = {BFA48436-7D08-3CDA-B327-DBA84A93F8AB}
	EndProjectSection
EndProject
Project("{8BC9CEB8-8B4A-11D0-8D11-00A0C91BC942}") = "ZERO_CHECK", "ZERO_CHECK.vcxproj", "{BFA48436-7D08-3CDA-B327-DBA84A93F8AB}"
	ProjectSection(ProjectDependencies) = postProject
	EndProjectSection
EndProject
Project("{8BC9CEB8-8B4A-11D0-8D11-00A0C91BC942}") = "ocr_analysis", "ocr_analysis.vcxproj", "{5B0D94CF-8BF1-3110-B2F4-59429F0C0B79}"
	ProjectSection(ProjectDependencies) = postProject
		{BFA48436-7D08-3CDA-B327-DBA84A93F8AB} = {BFA48436-7D08-3CDA-B327-DBA84A93F8AB}
	EndProjectSection
EndProject
Project("{8BC9CEB8-8B4A-11D0-8D11-00A0C91BC942}") = "ocr_demo", "ocr_demo.vcxproj", "{EB61089E-A6D6-3DCF-9095-B3443EDC1EE1}"
	ProjectSection(ProjectDependencies) = postProject
		{BFA48436-7D08-3CDA-B327-DBA84A93F8AB} = {BFA48436-7D08-3CDA-B327-DBA84A93F8AB}
		{5B0D94CF-8BF1-3110-B2F4-59429F0C0B79} = {5B0D94CF-8BF1-3110-B2F4-59429F0C0B79}
	EndProjectSection
EndProject
Project("{8BC9CEB8-8B4A-11D0-8D11-00A0C91BC942}") = "pdfcheck", "pdfcheck.vcxproj", "{C0610301-19BE-3730-AA70-7EFD517BF7F4}"
	ProjectSection(ProjectDependencies) = postProject
		{BFA48436-7D08-3CDA-B327-DBA84A93F8AB} = {BFA48436-7D08-3CDA-B327-DBA84A93F8AB}
		{5B0D94CF-8BF1-3110-B2F4-59429F0C0B79} = {5B0D94CF-8BF1-3110-B2F4-59429F0C0B79}
	EndProjectSection
EndProject
Project("{8BC9CEB8-8B4A-11D0-8D11-00A0C91BC942}") = "test_bounds_modes", "test_bounds_modes.vcxproj", "{95A77CCE-AE51-3740-B204-9CE958DBE78A}"
	ProjectSection(ProjectDependencies) = postProject
		{BFA48436-7D08-3CDA-B327-DBA84A93F8AB} = {BFA48436-7D08-3CDA-B327-DBA84A93F8AB}
		{5B0D94CF-8BF1-3110-B2F4-59429F0C0B79} = {5B0D94CF-8BF1-3110-B2F4-59429F0C0B79}
	EndProjectSection
EndProject
Project("{8BC9CEB8-8B4A-11D0-8D11-00A0C91BC942}") = "test_check_image", "test_check_image.vcxproj", "{2D31D16B-95FA-3DF6-962F-03C82ADDD5E0}"
	ProjectSection(ProjectDependencies) = postProject
		{BFA48436-7D08-3CDA-B327-DBA84A93F8AB} = {BFA48436-7D08-3CDA-B327-DBA84A93F8AB}
		{5B0D94CF-8BF1-3110-B2F4-59429F0C0B79} = {5B0D94CF-8BF1-3110-B2F4-59429F0C0B79}
	EndProjectSection
EndProject
Project("{8BC9CEB8-8B4A-11D0-8D11-00A0C91BC942}") = "test_cleanup_image", "test_cleanup_image.vcxproj", "{9A8830C9-F05D-3C63-BF58-C6777B375F6A}"
	ProjectSection(ProjectDependencies) = postProject
		{BFA48436-7D08-3CDA-B327-DBA84A93F8AB} = {BFA48436-7D08-3CDA-B327-DBA84A93F8AB}
		{5B0D94CF-8BF1-3110-B2F4-59429F0C0B79} = {5B0D94CF-8BF1-3110-B2F4-59429F0C0B79}
	EndProjectSection
EndProject
Project("{8BC9CEB8-8B4A-11D0-8D11-00A0C91BC942}") = "test_crop_label", "test_crop_label.vcxproj", "{4669BDFF-ABC7-355D-8575-AC7B7C80E0F8}"
	ProjectSection(ProjectDependencies) = postProject
		{BFA48436-7D08-3CDA-B327-DBA84A93F8AB} = {BFA48436-7D08-3CDA-B327-DBA84A93F8AB}
		{5B0D94CF-8BF1-3110-B2F4-59429F0C0B79} = {5B0D94CF-8BF1-3110-B2F4-59429F0C0B79}
	EndProjectSection
EndProject
Project("{8BC9CEB8-8B4A-11D0-8D11-00A0C91BC942}") = "test_find_images", "test_find_images.vcxproj", "{43F18E58-317F-3341-8E88-5C21B91687C7}"
	ProjectSection(ProjectDependencies) = postProject
		{BFA48436-7D08-3CDA-B327-DBA84A93F8AB} = {BFA48436-7D08-3CDA-B327-DBA84A93F8AB}
		{5B0D94CF-8BF1-3110-B2F4-59429F0C0B79} = {5B0D94CF-8BF1-3110-B2F4-59429F0C0B79}
	EndProjectSection
EndProject
Project("{8BC9CEB8-8B4A-11D0-8D11-00A0C91BC942}") = "test_identify_regions", "test_identify_regions.vcxproj", "{EB1A7149-00FD-3B83-9458-2191912E9184}"
	ProjectSection(ProjectDependencies) = postProject
		{BFA48436-7D08-3CDA-B327-DBA84A93F8AB} = {BFA48436-7D08-3CDA-B327-DBA84A93F8AB}
		{5B0D94CF-8BF1-3110-B2F4-59429F0C0B79} = {5B0D94CF-8BF1-3110-B2F4-59429F0C0B79}
	EndProjectSection
EndProject
Project("{8BC9CEB8-8B4A-11D0-8D11-00A0C91BC942}") = "test_ocr", "test_ocr.vcxproj", "{7AB995AB-E068-3CC4-997A-D8EEA341C157}"
	ProjectSection(ProjectDependencies) = postProject
		{BFA48436-7D08-3CDA-B327-DBA84A93F8AB} = {BFA48436-7D08-3CDA-B327-DBA84A93F8AB}
		{5B0D94CF-8BF1-3110-B2F4-59429F0C0B79} = {5B0D94CF-8BF1-3110-B2F4-59429F0C0B79}
	EndProjectSection
EndProject
Project("{8BC9CEB8-8B4A-11D0-8D11-00A0C91BC942}") = "test_orientation", "test_orientation.vcxproj", "{96C46C3B-2CF8-3570-99F6-B6E2272AE357}"
	ProjectSection(ProjectDependencies) = postProject
		{BFA48436-7D08-3CDA-B327-DBA84A93F8AB} = {BFA48436-7D08-3CDA-B327-DBA84A93F8AB}
		{5B0D94CF-8BF1-3110-B2F4-59429F0C0B79} = {5B0D94CF-8BF1-3110-B2F4-59429F0C0B79}
	EndProjectSection
EndProject
Project("{8BC9CEB8-8B4A-11D0-8D11-00A0C91BC942}") = "test_pdf", "test_pdf.vcxproj", "{01B7A439-093D-3A72-88DB-24AC2431C9B3}"
	ProjectSection(ProjectDependencies) = postProject
		{BFA48436-7D08-3CDA-B327-DBA84A93F8AB} = {BFA48436-7D08-3CDA-B327-DBA84A93F8AB}
		{5B0D94CF-8BF1-3110-B2F4-59429F0C0B79} = {5B0D94CF-8BF1-3110-B2F4-59429F0C0B79}
	EndProjectSection
EndProject
Project("{8BC9CEB8-8B4A-11D0-8D11-00A0C91BC942}") = "test_pdf_elements", "test_pdf_elements.vcxproj", "{920324BC-9C63-3EF2-B59B-0E6875569085}"
	ProjectSection(ProjectDependencies) = postProject
		{BFA48436-7D08-3CDA-B327-DBA84A93F8AB} = {BFA48436-7D08-3CDA-B327-DBA84A93F8AB}
		{5B0D94CF-8BF1-3110-B2F4-59429F0C0B79} = {5B0D94CF-8BF1-3110-B2F4-59429F0C0B79}
	EndProjectSection
EndProject
Project("{8BC9CEB8-8B4A-11D0-8D11-00A0C91BC942}") = "test_pdf_embedded", "test_pdf_embedded.vcxproj", "{DC31C05C-DF41-3637-B614-7DCAC2419CF3}"
	ProjectSection(ProjectDependencies) = postProject
		{BFA48436-7D08-3CDA-B327-DBA84A93F8AB} = {BFA48436-7D08-3CDA-B327-DBA84A93F8AB}
		{5B0D94CF-8BF1-3110-B2F4-59429F0C0B79} = {5B0D94CF-8BF1-3110-B2F4-59429F0C0B79}
	EndProjectSection
EndProject
Project("{8BC9CEB8-8B4A-11D0-8D11-00A0C91BC942}") = "test_pdf_graphics", "test_pdf_graphics.vcxproj", "{01307691-413D-38A5-821B-7016BC689033}"
	ProjectSection(ProjectDependencies) = postProject
		{BFA48436-7D08-3CDA-B327-DBA84A93F8AB} = {BFA48436-7D08-3CDA-B327-DBA84A93F8AB}
		{5B0D94CF-8BF1-3110-B2F4-59429F0C0B79} = {5B0D94CF-8BF1-3110-B2F4-59429F0C0B79}
	EndProjectSection
EndProject
Project("{8BC9CEB8-8B4A-11D0-8D11-00A0C91BC942}") = "test_pdf_lines", "test_pdf_lines.vcxproj", "{F09D3232-7110-346F-8FF4-54617BE3EF4F}"
	ProjectSection(ProjectDependencies) = postProject
		{BFA48436-7D08-3CDA-B327-DBA84A93F8AB} = {BFA48436-7D08-3CDA-B327-DBA84A93F8AB}
		{5B0D94CF-8BF1-3110-B2F4-59429F0C0B79} = {5B0D94CF-8BF1-3110-B2F4-59429F0C0B79}
	EndProjectSection
EndProject
Project("{8BC9CEB8-8B4A-11D0-8D11-00A0C91BC942}") = "test_pdf_rectangles", "test_pdf_rectangles.vcxproj", "{492F0FDC-056E-39F6-B022-831ED4600C1C}"
	ProjectSection(ProjectDependencies) = postProject
		{BFA48436-7D08-3CDA-B327-DBA84A93F8AB} = {BFA48436-7D08-3CDA-B327-DBA84A93F8AB}
		{5B0D94CF-8BF1-3110-B2F4-59429F0C0B79} = {5B0D94CF-8BF1-3110-B2F4-59429F0C0B79}
	EndProjectSection
EndProject
Project("{8BC9CEB8-8B4A-11D0-8D11-00A0C91BC942}") = "test_png_render", "test_png_render.vcxproj", "{311C00C5-A70D-3546-8DEB-17D801801C59}"
	ProjectSection(ProjectDependencies) = postProject
		{BFA48436-7D08-3CDA-B327-DBA84A93F8AB} = {BFA48436-7D08-3CDA-B327-DBA84A93F8AB}
		{5B0D94CF-8BF1-3110-B2F4-59429F0C0B79} = {5B0D94CF-8BF1-3110-B2F4-59429F0C0B79}
	EndProjectSection
EndProject
Project("{8BC9CEB8-8B4A-11D0-8D11-00A0C91BC942}") = "test_render_info", "test_render_info.vcxproj", "{67BC1DCC-8DB7-3957-BD83-E13B0D97DDD1}"
	ProjectSection(ProjectDependencies) = postProject
		{BFA48436-7D08-3CDA-B327-DBA84A93F8AB} = {BFA48436-7D08-3CDA-B327-DBA84A93F8AB}
		{5B0D94CF-8BF1-3110-B2F4-59429F0C0B79} = {5B0D94CF-8BF1-3110-B2F4-59429F0C0B79}
	EndProjectSection
EndProject
Project("{8BC9CEB8-8B4A-11D0-8D11-00A0C91BC942}") = "test_sort_elements", "test_sort_elements.vcxproj", "{66EA91AC-B09C-3807-8137-00780DEE1DDD}"
	ProjectSection(ProjectDependencies) = postProject
		{BFA48436-7D08-3CDA-B327-DBA84A93F8AB} = {BFA48436-7D08-3CDA-B327-DBA84A93F8AB}
		{5B0D94CF-8BF1-3110-B2F4-59429F0C0B79} = {5B0D94CF-8BF1-3110-B2F4-59429F0C0B79}
	EndProjectSection
EndProject
Project("{8BC9CEB8-8B4A-11D0-8D11-00A0C91BC942}") = "test_strip_bleed_marks", "test_strip_bleed_marks.vcxproj", "{EE5A9F7E-93EE-3A71-91E6-B8EB16DBD482}"
	ProjectSection(ProjectDependencies) = postProject
		{BFA48436-7D08-3CDA-B327-DBA84A93F8AB} = {BFA48436-7D08-3CDA-B327-DBA84A93F8AB}
		{5B0D94CF-8BF1-3110-B2F4-59429F0C0B79} = {5B0D94CF-8BF1-3110-B2F4-59429F0C0B79}
	EndProjectSection
EndProject
Global
	GlobalSection(SolutionConfigurationPlatforms) = preSolution
		Debug|x64 = Debug|x64
		Release|x64 = Release|x64
		MinSizeRel|x64 = MinSizeRel|x64
		RelWithDebInfo|x64 = RelWithDebInfo|x64
	EndGlobalSection
	GlobalSection(ProjectConfigurationPlatforms) = postSolution
		{7EE9BDC3-B2C1-3368-93DF-150C204E8F65}.Debug|x64.ActiveCfg = Debug|x64
		{7EE9BDC3-B2C1-3368-93DF-150C204E8F65}.Debug|x64.Build.0 = Debug|x64
		{7EE9BDC3-B2C1-3368-93DF-150C204E8F65}.Release|x64.ActiveCfg = Release|x64
		{7EE9BDC3-B2C1-3368-93DF-150C204E8F65}.Release|x64.Build.0 = Release|x64
		{7EE9BDC3-B2C1-3368-93DF-150C204E8F65}.MinSizeRel|x64.ActiveCfg = MinSizeRel|x64
		{7EE9BDC3-B2C1-3368-93DF-150C204E8F65}.MinSizeRel|x64.Build.0 = MinSizeRel|x64
		{7EE9BDC3-B2C1-3368-93DF-150C204E8F65}.RelWithDebInfo|x64.ActiveCfg = RelWithDebInfo|x64
		{7EE9BDC3-B2C1-3368-93DF-150C204E8F65}.RelWithDebInfo|x64.Build.0 = RelWithDebInfo|x64
		{59EEAAE7-F7AE-35B8-B6ED-7CC7E0105270}.Debug|x64.ActiveCfg = Debug|x64
		{59EEAAE7-F7AE-35B8-B6ED-7CC7E0105270}.Release|x64.ActiveCfg = Release|x64
		{59EEAAE7-F7AE-35B8-B6ED-7CC7E0105270}.MinSizeRel|x64.ActiveCfg = MinSizeRel|x64
		{59EEAAE7-F7AE-35B8-B6ED-7CC7E0105270}.RelWithDebInfo|x64.ActiveCfg = RelWithDebInfo|x64
		{BFA48436-7D08-3CDA-B327-DBA84A93F8AB}.Debug|x64.ActiveCfg = Debug|x64
		{BFA48436-7D08-3CDA-B327-DBA84A93F8AB}.Debug|x64.Build.0 = Debug|x64
		{BFA48436-7D08-3CDA-B327-DBA84A93F8AB}.Release|x64.ActiveCfg = Release|x64
		{BFA48436-7D08-3CDA-B327-DBA84A93F8AB}.Release|x64.Build.0 = Release|x64
		{BFA48436-7D08-3CDA-B327-DBA84A93F8AB}.MinSizeRel|x64.ActiveCfg = MinSizeRel|x64
		{BFA48436-7D08-3CDA-B327-DBA84A93F8AB}.MinSizeRel|x64.Build.0 = MinSizeRel|x64
		{BFA48436-7D08-3CDA-B327-DBA84A93F8AB}.RelWithDebInfo|x64.ActiveCfg = RelWithDebInfo|x64
		{BFA48436-7D08-3CDA-B327-DBA84A93F8AB}.RelWithDebInfo|x64.Build.0 = RelWithDebInfo|x64
		{5B0D94CF-8BF1-3110-B2F4-59429F0C0B79}.Debug|x64.ActiveCfg = Debug|x64
		{5B0D94CF-8BF1-3110-B2F4-59429F0C0B79}.Debug|x64.Build.0 = Debug|x64
		{5B0D94CF-8BF1-3110-B2F4-59429F0C0B79}.Release|x64.ActiveCfg = Release|x64
		{5B0D94CF-8BF1-3110-B2F4-59429F0C0B79}.Release|x64.Build.0 = Release|x64
		{5B0D94CF-8BF1-3110-B2F4-59429F0C0B79}.MinSizeRel|x64.ActiveCfg = MinSizeRel|x64
		{5B0D94CF-8BF1-3110-B2F4-59429F0C0B79}.MinSizeRel|x64.Build.0 = MinSizeRel|x64
		{5B0D94CF-8BF1-3110-B2F4-59429F0C0B79}.RelWithDebInfo|x64.ActiveCfg = RelWithDebInfo|x64
		{5B0D94CF-8BF1-3110-B2F4-59429F0C0B79}.RelWithDebInfo|x64.Build.0 = RelWithDebInfo|x64
		{EB61089E-A6D6-3DCF-9095-B3443EDC1EE1}.Debug|x64.ActiveCfg = Debug|x64
		{EB61089E-A6D6-3DCF-9095-B3443EDC1EE1}.Debug|x64.Build.0 = Debug|x64
		{EB61089E-A6D6-3DCF-9095-B3443EDC1EE1}.Release|x64.ActiveCfg = Release|x64
		{EB61089E-A6D6-3DCF-9095-B3443EDC1EE1}.Release|x64.Build.0 = Release|x64
		{EB61089E-A6D6-3DCF-9095-B3443EDC1EE1}.MinSizeRel|x64.ActiveCfg = MinSizeRel|x64
		{EB61089E-A6D6-3DCF-9095-B3443EDC1EE1}.MinSizeRel|x64.Build.0 = MinSizeRel|x64
		{EB61089E-A6D6-3DCF-9095-B3443EDC1EE1}.RelWithDebInfo|x64.ActiveCfg = RelWithDebInfo|x64
		{EB61089E-A6D6-3DCF-9095-B3443EDC1EE1}.RelWithDebInfo|x64.Build.0 = RelWithDebInfo|x64
		{C0610301-19BE-3730-AA70-7EFD517BF7F4}.Debug|x64.ActiveCfg = Debug|x64
		{C0610301-19BE-3730-AA70-7EFD517BF7F4}.Debug|x64.Build.0 = Debug|x64
		{C0610301-19BE-3730-AA70-7EFD517BF7F4}.Release|x64.ActiveCfg = Release|x64
		{C0610301-19BE-3730-AA70-7EFD517BF7F4}.Release|x64.Build.0 = Release|x64
		{C0610301-19BE-3730-AA70-7EFD517BF7F4}.MinSizeRel|x64.ActiveCfg = MinSizeRel|x64
		{C0610301-19BE-3730-AA70-7EFD517BF7F4}.MinSizeRel|x64.Build.0 = MinSizeRel|x64
		{C0610301-19BE-3730-AA70-7EFD517BF7F4}.RelWithDebInfo|x64.ActiveCfg = RelWithDebInfo|x64
		{C0610301-19BE-3730-AA70-7EFD517BF7F4}.RelWithDebInfo|x64.Build.0 = RelWithDebInfo|x64
		{95A77CCE-AE51-3740-B204-9CE958DBE78A}.Debug|x64.ActiveCfg = Debug|x64
		{95A77CCE-AE51-3740-B204-9CE958DBE78A}.Debug|x64.Build.0 = Debug|x64
		{95A77CCE-AE51-3740-B204-9CE958DBE78A}.Release|x64.ActiveCfg = Release|x64
		{95A77CCE-AE51-3740-B204-9CE958DBE78A}.Release|x64.Build.0 = Release|x64
		{95A77CCE-AE51-3740-B204-9CE958DBE78A}.MinSizeRel|x64.ActiveCfg = MinSizeRel|x64
		{95A77CCE-AE51-3740-B204-9CE958DBE78A}.MinSizeRel|x64.Build.0 = MinSizeRel|x64
		{95A77CCE-AE51-3740-B204-9CE958DBE78A}.RelWithDebInfo|x64.ActiveCfg = RelWithDebInfo|x64
		{95A77CCE-AE51-3740-B204-9CE958DBE78A}.RelWithDebInfo|x64.Build.0 = RelWithDebInfo|x64
		{2D31D16B-95FA-3DF6-962F-03C82ADDD5E0}.Debug|x64.ActiveCfg = Debug|x64
		{2D31D16B-95FA-3DF6-962F-03C82ADDD5E0}.Debug|x64.Build.0 = Debug|x64
		{2D31D16B-95FA-3DF6-962F-03C82ADDD5E0}.Release|x64.ActiveCfg = Release|x64
		{2D31D16B-95FA-3DF6-962F-03C82ADDD5E0}.Release|x64.Build.0 = Release|x64
		{2D31D16B-95FA-3DF6-962F-03C82ADDD5E0}.MinSizeRel|x64.ActiveCfg = MinSizeRel|x64
		{2D31D16B-95FA-3DF6-962F-03C82ADDD5E0}.MinSizeRel|x64.Build.0 = MinSizeRel|x64
		{2D31D16B-95FA-3DF6-962F-03C82ADDD5E0}.RelWithDebInfo|x64.ActiveCfg = RelWithDebInfo|x64
		{2D31D16B-95FA-3DF6-962F-03C82ADDD5E0}.RelWithDebInfo|x64.Build.0 = RelWithDebInfo|x64
		{9A8830C9-F05D-3C63-BF58-C6777B375F6A}.Debug|x64.ActiveCfg = Debug|x64
		{9A8830C9-F05D-3C63-BF58-C6777B375F6A}.Debug|x64.Build.0 = Debug|x64
		{9A8830C9-F05D-3C63-BF58-C6777B375F6A}.Release|x64.ActiveCfg = Release|x64
		{9A8830C9-F05D-3C63-BF58-C6777B375F6A}.Release|x64.Build.0 = Release|x64
		{9A8830C9-F05D-3C63-BF58-C6777B375F6A}.MinSizeRel|x64.ActiveCfg = MinSizeRel|x64
		{9A8830C9-F05D-3C63-BF58-C6777B375F6A}.MinSizeRel|x64.Build.0 = MinSizeRel|x64
		{9A8830C9-F05D-3C63-BF58-C6777B375F6A}.RelWithDebInfo|x64.ActiveCfg = RelWithDebInfo|x64
		{9A8830C9-F05D-3C63-BF58-C6777B375F6A}.RelWithDebInfo|x64.Build.0 = RelWithDebInfo|x64
		{4669BDFF-ABC7-355D-8575-AC7B7C80E0F8}.Debug|x64.ActiveCfg = Debug|x64
		{4669BDFF-ABC7-355D-8575-AC7B7C80E0F8}.Debug|x64.Build.0 = Debug|x64
		{4669BDFF-ABC7-355D-8575-AC7B7C80E0F8}.Release|x64.ActiveCfg = Release|x64
		{4669BDFF-ABC7-355D-8575-AC7B7C80E0F8}.Release|x64.Build.0 = Release|x64
		{4669BDFF-ABC7-355D-8575-AC7B7C80E0F8}.MinSizeRel|x64.ActiveCfg = MinSizeRel|x64
		{4669BDFF-ABC7-355D-8575-AC7B7C80E0F8}.MinSizeRel|x64.Build.0 = MinSizeRel|x64
		{4669BDFF-ABC7-355D-8575-AC7B7C80E0F8}.RelWithDebInfo|x64.ActiveCfg = RelWithDebInfo|x64
		{4669BDFF-ABC7-355D-8575-AC7B7C80E0F8}.RelWithDebInfo|x64.Build.0 = RelWithDebInfo|x64
		{43F18E58-317F-3341-8E88-5C21B91687C7}.Debug|x64.ActiveCfg = Debug|x64
		{43F18E58-317F-3341-8E88-5C21B91687C7}.Debug|x64.Build.0 = Debug|x64
		{43F18E58-317F-3341-8E88-5C21B91687C7}.Release|x64.ActiveCfg = Release|x64
		{43F18E58-317F-3341-8E88-5C21B91687C7}.Release|x64.Build.0 = Release|x64
		{43F18E58-317F-3341-8E88-5C21B91687C7}.MinSizeRel|x64.ActiveCfg = MinSizeRel|x64
		{43F18E58-317F-3341-8E88-5C21B91687C7}.MinSizeRel|x64.Build.0 = MinSizeRel|x64
		{43F18E58-317F-3341-8E88-5C21B91687C7}.RelWithDebInfo|x64.ActiveCfg = RelWithDebInfo|x64
		{43F18E58-317F-3341-8E88-5C21B91687C7}.RelWithDebInfo|x64.Build.0 = RelWithDebInfo|x64
		{EB1A7149-00FD-3B83-9458-2191912E9184}.Debug|x64.ActiveCfg = Debug|x64
		{EB1A7149-00FD-3B83-9458-2191912E9184}.Debug|x64.Build.0 = Debug|x64
		{EB1A7149-00FD-3B83-9458-2191912E9184}.Release|x64.ActiveCfg = Release|x64
		{EB1A7149-00FD-3B83-9458-2191912E9184}.Release|x64.Build.0 = Release|x64
		{EB1A7149-00FD-3B83-9458-2191912E9184}.MinSizeRel|x64.ActiveCfg = MinSizeRel|x64
		{EB1A7149-00FD-3B83-9458-2191912E9184}.MinSizeRel|x64.Build.0 = MinSizeRel|x64
		{EB1A7149-00FD-3B83-9458-2191912E9184}.RelWithDebInfo|x64.ActiveCfg = RelWithDebInfo|x64
		{EB1A7149-00FD-3B83-9458-2191912E9184}.RelWithDebInfo|x64.Build.0 = RelWithDebInfo|x64
		{7AB995AB-E068-3CC4-997A-D8EEA341C157}.Debug|x64.ActiveCfg = Debug|x64
		{7AB995AB-E068-3CC4-997A-D8EEA341C157}.Debug|x64.Build.0 = Debug|x64
		{7AB995AB-E068-3CC4-997A-D8EEA341C157}.Release|x64.ActiveCfg = Release|x64
		{7AB995AB-E068-3CC4-997A-D8EEA341C157}.Release|x64.Build.0 = Release|x64
		{7AB995AB-E068-3CC4-997A-D8EEA341C157}.MinSizeRel|x64.ActiveCfg = MinSizeRel|x64
		{7AB995AB-E068-3CC4-997A-D8EEA341C157}.MinSizeRel|x64.Build.0 = MinSizeRel|x64
		{7AB995AB-E068-3CC4-997A-D8EEA341C157}.RelWithDebInfo|x64.ActiveCfg = RelWithDebInfo|x64
		{7AB995AB-E068-3CC4-997A-D8EEA341C157}.RelWithDebInfo|x64.Build.0 = RelWithDebInfo|x64
		{96C46C3B-2CF8-3570-99F6-B6E2272AE357}.Debug|x64.ActiveCfg = Debug|x64
		{96C46C3B-2CF8-3570-99F6-B6E2272AE357}.Debug|x64.Build.0 = Debug|x64
		{96C46C3B-2CF8-3570-99F6-B6E2272AE357}.Release|x64.ActiveCfg = Release|x64
		{96C46C3B-2CF8-3570-99F6-B6E2272AE357}.Release|x64.Build.0 = Release|x64
		{96C46C3B-2CF8-3570-99F6-B6E2272AE357}.MinSizeRel|x64.ActiveCfg = MinSizeRel|x64
		{96C46C3B-2CF8-3570-99F6-B6E2272AE357}.MinSizeRel|x64.Build.0 = MinSizeRel|x64
		{96C46C3B-2CF8-3570-99F6-B6E2272AE357}.RelWithDebInfo|x64.ActiveCfg = RelWithDebInfo|x64
		{96C46C3B-2CF8-3570-99F6-B6E2272AE357}.RelWithDebInfo|x64.Build.0 = RelWithDebInfo|x64
		{01B7A439-093D-3A72-88DB-24AC2431C9B3}.Debug|x64.ActiveCfg = Debug|x64
		{01B7A439-093D-3A72-88DB-24AC2431C9B3}.Debug|x64.Build.0 = Debug|x64
		{01B7A439-093D-3A72-88DB-24AC2431C9B3}.Release|x64.ActiveCfg = Release|x64
		{01B7A439-093D-3A72-88DB-24AC2431C9B3}.Release|x64.Build.0 = Release|x64
		{01B7A439-093D-3A72-88DB-24AC2431C9B3}.MinSizeRel|x64.ActiveCfg = MinSizeRel|x64
		{01B7A439-093D-3A72-88DB-24AC2431C9B3}.MinSizeRel|x64.Build.0 = MinSizeRel|x64
		{01B7A439-093D-3A72-88DB-24AC2431C9B3}.RelWithDebInfo|x64.ActiveCfg = RelWithDebInfo|x64
		{01B7A439-093D-3A72-88DB-24AC2431C9B3}.RelWithDebInfo|x64.Build.0 = RelWithDebInfo|x64
		{920324BC-9C63-3EF2-B59B-0E6875569085}.Debug|x64.ActiveCfg = Debug|x64
		{920324BC-9C63-3EF2-B59B-0E6875569085}.Debug|x64.Build.0 = Debug|x64
		{920324BC-9C63-3EF2-B59B-0E6875569085}.Release|x64.ActiveCfg = Release|x64
		{920324BC-9C63-3EF2-B59B-0E6875569085}.Release|x64.Build.0 = Release|x64
		{920324BC-9C63-3EF2-B59B-0E6875569085}.MinSizeRel|x64.ActiveCfg = MinSizeRel|x64
		{920324BC-9C63-3EF2-B59B-0E6875569085}.MinSizeRel|x64.Build.0 = MinSizeRel|x64
		{920324BC-9C63-3EF2-B59B-0E6875569085}.RelWithDebInfo|x64.ActiveCfg = RelWithDebInfo|x64
		{920324BC-9C63-3EF2-B59B-0E6875569085}.RelWithDebInfo|x64.Build.0 = RelWithDebInfo|x64
		{DC31C05C-DF41-3637-B614-7DCAC2419CF3}.Debug|x64.ActiveCfg = Debug|x64
		{DC31C05C-DF41-3637-B614-7DCAC2419CF3}.Debug|x64.Build.0 = Debug|x64
		{DC31C05C-DF41-3637-B614-7DCAC2419CF3}.Release|x64.ActiveCfg = Release|x64
		{DC31C05C-DF41-3637-B614-7DCAC2419CF3}.Release|x64.Build.0 = Release|x64
		{DC31C05C-DF41-3637-B614-7DCAC2419CF3}.MinSizeRel|x64.ActiveCfg = MinSizeRel|x64
		{DC31C05C-DF41-3637-B614-7DCAC2419CF3}.MinSizeRel|x64.Build.0 = MinSizeRel|x64
		{DC31C05C-DF41-3637-B614-7DCAC2419CF3}.RelWithDebInfo|x64.ActiveCfg = RelWithDebInfo|x64
		{DC31C05C-DF41-3637-B614-7DCAC2419CF3}.RelWithDebInfo|x64.Build.0 = RelWithDebInfo|x64
		{01307691-413D-38A5-821B-7016BC689033}.Debug|x64.ActiveCfg = Debug|x64
		{01307691-413D-38A5-821B-7016BC689033}.Debug|x64.Build.0 = Debug|x64
		{01307691-413D-38A5-821B-7016BC689033}.Release|x64.ActiveCfg = Release|x64
		{01307691-413D-38A5-821B-7016BC689033}.Release|x64.Build.0 = Release|x64
		{01307691-413D-38A5-821B-7016BC689033}.MinSizeRel|x64.ActiveCfg = MinSizeRel|x64
		{01307691-413D-38A5-821B-7016BC689033}.MinSizeRel|x64.Build.0 = MinSizeRel|x64
		{01307691-413D-38A5-821B-7016BC689033}.RelWithDebInfo|x64.ActiveCfg = RelWithDebInfo|x64
		{01307691-413D-38A5-821B-7016BC689033}.RelWithDebInfo|x64.Build.0 = RelWithDebInfo|x64
		{F09D3232-7110-346F-8FF4-54617BE3EF4F}.Debug|x64.ActiveCfg = Debug|x64
		{F09D3232-7110-346F-8FF4-54617BE3EF4F}.Debug|x64.Build.0 = Debug|x64
		{F09D3232-7110-346F-8FF4-54617BE3EF4F}.Release|x64.ActiveCfg = Release|x64
		{F09D3232-7110-346F-8FF4-54617BE3EF4F}.Release|x64.Build.0 = Release|x64
		{F09D3232-7110-346F-8FF4-54617BE3EF4F}.MinSizeRel|x64.ActiveCfg = MinSizeRel|x64
		{F09D3232-7110-346F-8FF4-54617BE3EF4F}.MinSizeRel|x64.Build.0 = MinSizeRel|x64
		{F09D3232-7110-346F-8FF4-54617BE3EF4F}.RelWithDebInfo|x64.ActiveCfg = RelWithDebInfo|x64
		{F09D3232-7110-346F-8FF4-54617BE3EF4F}.RelWithDebInfo|x64.Build.0 = RelWithDebInfo|x64
		{492F0FDC-056E-39F6-B022-831ED4600C1C}.Debug|x64.ActiveCfg = Debug|x64
		{492F0FDC-056E-39F6-B022-831ED4600C1C}.Debug|x64.Build.0 = Debug|x64
		{492F0FDC-056E-39F6-B022-831ED4600C1C}.Release|x64.ActiveCfg = Release|x64
		{492F0FDC-056E-39F6-B022-831ED4600C1C}.Release|x64.Build.0 = Release|x64
		{492F0FDC-056E-39F6-B022-831ED4600C1C}.MinSizeRel|x64.ActiveCfg = MinSizeRel|x64
		{492F0FDC-056E-39F6-B022-831ED4600C1C}.MinSizeRel|x64.Build.0 = MinSizeRel|x64
		{492F0FDC-056E-39F6-B022-831ED4600C1C}.RelWithDebInfo|x64.ActiveCfg = RelWithDebInfo|x64
		{492F0FDC-056E-39F6-B022-831ED4600C1C}.RelWithDebInfo|x64.Build.0 = RelWithDebInfo|x64
		{311C00C5-A70D-3546-8DEB-17D801801C59}.Debug|x64.ActiveCfg = Debug|x64
		{311C00C5-A70D-3546-8DEB-17D801801C59}.Debug|x64.Build.0 = Debug|x64
		{311C00C5-A70D-3546-8DEB-17D801801C59}.Release|x64.ActiveCfg = Release|x64
		{311C00C5-A70D-3546-8DEB-17D801801C59}.Release|x64.Build.0 = Release|x64
		{311C00C5-A70D-3546-8DEB-17D801801C59}.MinSizeRel|x64.ActiveCfg = MinSizeRel|x64
		{311C00C5-A70D-3546-8DEB-17D801801C59}.MinSizeRel|x64.Build.0 = MinSizeRel|x64
		{311C00C5-A70D-3546-8DEB-17D801801C59}.RelWithDebInfo|x64.ActiveCfg = RelWithDebInfo|x64
		{311C00C5-A70D-3546-8DEB-17D801801C59}.RelWithDebInfo|x64.Build.0 = RelWithDebInfo|x64
		{67BC1DCC-8DB7-3957-BD83-E13B0D97DDD1}.Debug|x64.ActiveCfg = Debug|x64
		{67BC1DCC-8DB7-3957-BD83-E13B0D97DDD1}.Debug|x64.Build.0 = Debug|x64
		{67BC1DCC-8DB7-3957-BD83-E13B0D97DDD1}.Release|x64.ActiveCfg = Release|x64
		{67BC1DCC-8DB7-3957-BD83-E13B0D97DDD1}.Release|x64.Build.0 = Release|x64
		{67BC1DCC-8DB7-3957-BD83-E13B0D97DDD1}.MinSizeRel|x64.ActiveCfg = MinSizeRel|x64
		{67BC1DCC-8DB7-3957-BD83-E13B0D97DDD1}.MinSizeRel|x64.Build.0 = MinSizeRel|x64
		{67BC1DCC-8DB7-3957-BD83-E13B0D97DDD1}.RelWithDebInfo|x64.ActiveCfg = RelWithDebInfo|x64
		{67BC1DCC-8DB7-3957-BD83-E13B0D97DDD1}.RelWithDebInfo|x64.Build.0 = RelWithDebInfo|x64
		{66EA91AC-B09C-3807-8137-00780DEE1DDD}.Debug|x64.ActiveCfg = Debug|x64
		{66EA91AC-B09C-3807-8137-00780DEE1DDD}.Debug|x64.Build.0 = Debug|x64
		{66EA91AC-B09C-3807-8137-00780DEE1DDD}.Release|x64.ActiveCfg = Release|x64
		{66EA91AC-B09C-3807-8137-00780DEE1DDD}.Release|x64.Build.0 = Release|x64
		{66EA91AC-B09C-3807-8137-00780DEE1DDD}.MinSizeRel|x64.ActiveCfg = MinSizeRel|x64
		{66EA91AC-B09C-3807-8137-00780DEE1DDD}.MinSizeRel|x64.Build.0 = MinSizeRel|x64
		{66EA91AC-B09C-3807-8137-00780DEE1DDD}.RelWithDebInfo|x64.ActiveCfg = RelWithDebInfo|x64
		{66EA91AC-B09C-3807-8137-00780DEE1DDD}.RelWithDebInfo|x64.Build.0 = RelWithDebInfo|x64
		{EE5A9F7E-93EE-3A71-91E6-B8EB16DBD482}.Debug|x64.ActiveCfg = Debug|x64
		{EE5A9F7E-93EE-3A71-91E6-B8EB16DBD482}.Debug|x64.Build.0 = Debug|x64
		{EE5A9F7E-93EE-3A71-91E6-B8EB16DBD482}.Release|x64.ActiveCfg = Release|x64
		{EE5A9F7E-93EE-3A71-91E6-B8EB16DBD482}.Release|x64.Build.0 = Release|x64
		{EE5A9F7E-93EE-3A71-91E6-B8EB16DBD482}.MinSizeRel|x64.ActiveCfg = MinSizeRel|x64
		{EE5A9F7E-93EE-3A71-91E6-B8EB16DBD482}.MinSizeRel|x64.Build.0 = MinSizeRel|x64
		{EE5A9F7E-93EE-3A71-91E6-B8EB16DBD482}.RelWithDebInfo|x64.ActiveCfg = RelWithDebInfo|x64
		{EE5A9F7E-93EE-3A71-91E6-B8EB16DBD482}.RelWithDebInfo|x64.Build.0 = RelWithDebInfo|x64
	EndGlobalSection
	GlobalSection(ExtensibilityGlobals) = postSolution
		SolutionGuid = {D75772A6-F34B-3282-B6FD-5427BFAE1D2C}
	EndGlobalSection
	GlobalSection(ExtensibilityAddIns) = postSolution
	EndGlobalSection
EndGlobal
